{
  "name": "@lvce-editor/network-process",
  "version": "0.0.0-dev",
  "lockfileVersion": 3,
  "requires": true,
  "packages": {
    "": {
      "name": "@lvce-editor/network-process",
      "version": "0.0.0-dev",
      "license": "MIT",
      "dependencies": {
        "@lvce-editor/assert": "^1.2.0",
        "@lvce-editor/ipc": "^8.1.0",
        "@lvce-editor/json-rpc": "^1.3.0",
        "@lvce-editor/jsonc-parser": "^1.2.0",
        "@lvce-editor/pretty-error": "^1.5.0",
        "@lvce-editor/verror": "^1.2.0",
        "@lvce-editor/web-socket-server": "^1.2.0",
        "got": "^14.2.1",
        "symlink-dir": "^6.0.0",
        "tar-fs": "^3.0.6"
      },
      "devDependencies": {
        "@types/tar-fs": "^2.0.4"
      },
      "engines": {
        "node": ">=18"
      }
    },
    "node_modules/@lvce-editor/assert": {
      "version": "1.2.0",
      "resolved": "https://registry.npmjs.org/@lvce-editor/assert/-/assert-1.2.0.tgz",
      "integrity": "sha512-39suvZMzP6uxW/KG0ASdCyGbx7Z6dJdzDYJLtCXUC7PshJ1405YGlJ+ldD48u+/IH3y13z5sWRntidj7frYHGQ=="
    },
    "node_modules/@lvce-editor/ipc": {
      "version": "8.1.0",
      "resolved": "https://registry.npmjs.org/@lvce-editor/ipc/-/ipc-8.1.0.tgz",
      "integrity": "sha512-kgn8Mfx7oJu4B4o1Eo60B2Tlcd34cMnvFzSD46nFSnNythkZmC92mbIpf5kNo5mEvh+KsystyxE2tsFbH+8fzg==",
      "dependencies": {
        "@lvce-editor/assert": "^1.2.0",
        "@lvce-editor/verror": "^1.2.0",
        "@lvce-editor/web-socket-server": "^1.2.0"
      },
      "engines": {
        "node": ">=18"
      }
    },
    "node_modules/@lvce-editor/json-rpc": {
      "version": "1.3.0",
      "resolved": "https://registry.npmjs.org/@lvce-editor/json-rpc/-/json-rpc-1.3.0.tgz",
      "integrity": "sha512-jCMvIHsN5mOacKBTXGGQOIJJxPaHsNaR2UGWuP+bEsaYi6Cf7qc/TZ7tSti6mY/BAEFhTQLJ/bW8KxXYNKhyqA==",
      "dependencies": {
        "@lvce-editor/assert": "^1.2.0"
      }
    },
    "node_modules/@lvce-editor/jsonc-parser": {
      "version": "1.2.0",
      "resolved": "https://registry.npmjs.org/@lvce-editor/jsonc-parser/-/jsonc-parser-1.2.0.tgz",
      "integrity": "sha512-K4NWbfp/aewmWKVZw/4WIDLzj4yjKtdjMXo3wCf9PJMtQy6nGDy2G8kv6l2hYm1r1sNXZ4DF+V3YBHy/MQQfGw=="
    },
    "node_modules/@lvce-editor/pretty-error": {
      "version": "1.5.0",
      "resolved": "https://registry.npmjs.org/@lvce-editor/pretty-error/-/pretty-error-1.5.0.tgz",
      "integrity": "sha512-Gyr/KB7uD4Nz2jjX0a7Xr6KEp6KNAtsuWSeMyQYtmlbX11yYuwYAXz/Q96xeWP7j/+y6BJRrBn6MfauhxlTAwQ=="
    },
    "node_modules/@lvce-editor/verror": {
      "version": "1.2.0",
      "resolved": "https://registry.npmjs.org/@lvce-editor/verror/-/verror-1.2.0.tgz",
      "integrity": "sha512-AixoigQwFPydQ4EaazER3gwLNoRFWzpLbWR90h7pM/gAEyF+X7SVDMDKxUYwSKtxkq4OtgIYSU9PorK9risozQ=="
    },
    "node_modules/@lvce-editor/web-socket-server": {
      "version": "1.2.0",
      "resolved": "https://registry.npmjs.org/@lvce-editor/web-socket-server/-/web-socket-server-1.2.0.tgz",
      "integrity": "sha512-GpyRsWdz+6DsyT1f7X8+mPfHW0FbR6tm3l1RKyYxk5xyMFKKFhoaV/t1OGTP0mVo37BIbdM9E8QJ2BPMXSvGZw==",
      "dependencies": {
        "ws": "^8.17.0"
      }
    },
    "node_modules/@sindresorhus/is": {
      "version": "6.3.0",
      "resolved": "https://registry.npmjs.org/@sindresorhus/is/-/is-6.3.0.tgz",
      "integrity": "sha512-bOSPck7aIJjASXIg1qvXSIjXhVBpIEKdl2Wxg4pVqoTRPL8wWExKBrnGIh6CEnhkFQHfc36k7APhO3uXV4g5xg==",
      "engines": {
        "node": ">=16"
      },
      "funding": {
        "url": "https://github.com/sindresorhus/is?sponsor=1"
      }
    },
    "node_modules/@szmarczak/http-timer": {
      "version": "5.0.1",
      "resolved": "https://registry.npmjs.org/@szmarczak/http-timer/-/http-timer-5.0.1.tgz",
      "integrity": "sha512-+PmQX0PiAYPMeVYe237LJAYvOMYW1j2rH5YROyS3b4CTVJum34HfRvKvAzozHAQG0TnHNdUfY9nCeUyRAs//cw==",
      "dependencies": {
        "defer-to-connect": "^2.0.1"
      },
      "engines": {
        "node": ">=14.16"
      }
    },
    "node_modules/@types/http-cache-semantics": {
      "version": "4.0.4",
      "resolved": "https://registry.npmjs.org/@types/http-cache-semantics/-/http-cache-semantics-4.0.4.tgz",
      "integrity": "sha512-1m0bIFVc7eJWyve9S0RnuRgcQqF/Xd5QsUZAZeQFr1Q3/p9JWoQQEqmVy+DPTNpGXwhgIetAoYF8JSc33q29QA=="
    },
    "node_modules/@types/node": {
      "version": "20.12.7",
      "resolved": "https://registry.npmjs.org/@types/node/-/node-20.12.7.tgz",
      "integrity": "sha512-wq0cICSkRLVaf3UGLMGItu/PtdY7oaXaI/RVU+xliKVOtRna3PRY57ZDfztpDL0n11vfymMUnXv8QwYCO7L1wg==",
      "dev": true,
      "dependencies": {
        "undici-types": "~5.26.4"
      }
    },
    "node_modules/@types/tar-fs": {
      "version": "2.0.4",
      "resolved": "https://registry.npmjs.org/@types/tar-fs/-/tar-fs-2.0.4.tgz",
      "integrity": "sha512-ipPec0CjTmVDWE+QKr9cTmIIoTl7dFG/yARCM5MqK8i6CNLIG1P8x4kwDsOQY1ChZOZjH0wO9nvfgBvWl4R3kA==",
      "dev": true,
      "dependencies": {
        "@types/node": "*",
        "@types/tar-stream": "*"
      }
    },
    "node_modules/@types/tar-stream": {
      "version": "3.1.3",
      "resolved": "https://registry.npmjs.org/@types/tar-stream/-/tar-stream-3.1.3.tgz",
      "integrity": "sha512-Zbnx4wpkWBMBSu5CytMbrT5ZpMiF55qgM+EpHzR4yIDu7mv52cej8hTkOc6K+LzpkOAbxwn/m7j3iO+/l42YkQ==",
      "dev": true,
      "dependencies": {
        "@types/node": "*"
      }
    },
    "node_modules/@zkochan/rimraf": {
      "version": "2.1.3",
      "resolved": "https://registry.npmjs.org/@zkochan/rimraf/-/rimraf-2.1.3.tgz",
      "integrity": "sha512-mCfR3gylCzPC+iqdxEA6z5SxJeOgzgbwmyxanKriIne5qZLswDe/M43aD3p5MNzwzXRhbZg/OX+MpES6Zk1a6A==",
      "dependencies": {
        "rimraf": "^3.0.2"
      },
      "engines": {
        "node": ">=12.10"
      }
    },
    "node_modules/b4a": {
      "version": "1.6.6",
      "resolved": "https://registry.npmjs.org/b4a/-/b4a-1.6.6.tgz",
      "integrity": "sha512-5Tk1HLk6b6ctmjIkAcU/Ujv/1WqiDl0F0JdRCR80VsOcUlHcu7pWeWRlOqQLHfDEsVx9YH/aif5AG4ehoCtTmg=="
    },
    "node_modules/balanced-match": {
      "version": "1.0.2",
      "resolved": "https://registry.npmjs.org/balanced-match/-/balanced-match-1.0.2.tgz",
      "integrity": "sha512-3oSeUO0TMV67hN1AmbXsK4yaqU7tjiHlbxRDZOpH0KW9+CeX4bRAaX0Anxt0tx2MrpRpWwQaPwIlISEJhYU5Pw=="
    },
    "node_modules/bare-events": {
      "version": "2.2.2",
      "resolved": "https://registry.npmjs.org/bare-events/-/bare-events-2.2.2.tgz",
      "integrity": "sha512-h7z00dWdG0PYOQEvChhOSWvOfkIKsdZGkWr083FgN/HyoQuebSew/cgirYqh9SCuy/hRvxc5Vy6Fw8xAmYHLkQ==",
      "optional": true
    },
    "node_modules/bare-fs": {
      "version": "2.3.0",
      "resolved": "https://registry.npmjs.org/bare-fs/-/bare-fs-2.3.0.tgz",
      "integrity": "sha512-TNFqa1B4N99pds2a5NYHR15o0ZpdNKbAeKTE/+G6ED/UeOavv8RY3dr/Fu99HW3zU3pXpo2kDNO8Sjsm2esfOw==",
      "optional": true,
      "dependencies": {
        "bare-events": "^2.0.0",
        "bare-path": "^2.0.0",
        "bare-stream": "^1.0.0"
      }
    },
    "node_modules/bare-os": {
      "version": "2.3.0",
      "resolved": "https://registry.npmjs.org/bare-os/-/bare-os-2.3.0.tgz",
      "integrity": "sha512-oPb8oMM1xZbhRQBngTgpcQ5gXw6kjOaRsSWsIeNyRxGed2w/ARyP7ScBYpWR1qfX2E5rS3gBw6OWcSQo+s+kUg==",
      "optional": true
    },
    "node_modules/bare-path": {
      "version": "2.1.2",
      "resolved": "https://registry.npmjs.org/bare-path/-/bare-path-2.1.2.tgz",
      "integrity": "sha512-o7KSt4prEphWUHa3QUwCxUI00R86VdjiuxmJK0iNVDHYPGo+HsDaVCnqCmPbf/MiW1ok8F4p3m8RTHlWk8K2ig==",
      "optional": true,
      "dependencies": {
        "bare-os": "^2.1.0"
      }
    },
    "node_modules/bare-stream": {
      "version": "1.0.0",
      "resolved": "https://registry.npmjs.org/bare-stream/-/bare-stream-1.0.0.tgz",
      "integrity": "sha512-KhNUoDL40iP4gFaLSsoGE479t0jHijfYdIcxRn/XtezA2BaUD0NRf/JGRpsMq6dMNM+SrCrB0YSSo/5wBY4rOQ==",
      "optional": true,
      "dependencies": {
        "streamx": "^2.16.1"
      }
    },
    "node_modules/better-path-resolve": {
      "version": "1.0.0",
      "resolved": "https://registry.npmjs.org/better-path-resolve/-/better-path-resolve-1.0.0.tgz",
      "integrity": "sha512-pbnl5XzGBdrFU/wT4jqmJVPn2B6UHPBOhzMQkY/SPUPB6QtUXtmBHBIwCbXJol93mOpGMnQyP/+BB19q04xj7g==",
      "dependencies": {
        "is-windows": "^1.0.0"
      },
      "engines": {
        "node": ">=4"
      }
    },
    "node_modules/brace-expansion": {
      "version": "1.1.11",
      "resolved": "https://registry.npmjs.org/brace-expansion/-/brace-expansion-1.1.11.tgz",
      "integrity": "sha512-iCuPHDFgrHX7H2vEI/5xpz07zSHB00TpugqhmYtVmMO6518mCuRMoOYFldEBl0g187ufozdaHgWKcYFb61qGiA==",
      "dependencies": {
        "balanced-match": "^1.0.0",
        "concat-map": "0.0.1"
      }
    },
    "node_modules/cacheable-lookup": {
      "version": "7.0.0",
      "resolved": "https://registry.npmjs.org/cacheable-lookup/-/cacheable-lookup-7.0.0.tgz",
      "integrity": "sha512-+qJyx4xiKra8mZrcwhjMRMUhD5NR1R8esPkzIYxX96JiecFoxAXFuz/GpR3+ev4PE1WamHip78wV0vcmPQtp8w==",
      "engines": {
        "node": ">=14.16"
      }
    },
    "node_modules/cacheable-request": {
      "version": "10.2.14",
      "resolved": "https://registry.npmjs.org/cacheable-request/-/cacheable-request-10.2.14.tgz",
      "integrity": "sha512-zkDT5WAF4hSSoUgyfg5tFIxz8XQK+25W/TLVojJTMKBaxevLBBtLxgqguAuVQB8PVW79FVjHcU+GJ9tVbDZ9mQ==",
      "dependencies": {
        "@types/http-cache-semantics": "^4.0.2",
        "get-stream": "^6.0.1",
        "http-cache-semantics": "^4.1.1",
        "keyv": "^4.5.3",
        "mimic-response": "^4.0.0",
        "normalize-url": "^8.0.0",
        "responselike": "^3.0.0"
      },
      "engines": {
        "node": ">=14.16"
      }
    },
    "node_modules/cacheable-request/node_modules/get-stream": {
      "version": "6.0.1",
      "resolved": "https://registry.npmjs.org/get-stream/-/get-stream-6.0.1.tgz",
      "integrity": "sha512-ts6Wi+2j3jQjqi70w5AlN8DFnkSwC+MqmxEzdEALB2qXZYV3X/b1CTfgPLGJNMeAWxdPfU8FO1ms3NUfaHCPYg==",
      "engines": {
        "node": ">=10"
      },
      "funding": {
        "url": "https://github.com/sponsors/sindresorhus"
      }
    },
    "node_modules/concat-map": {
      "version": "0.0.1",
      "resolved": "https://registry.npmjs.org/concat-map/-/concat-map-0.0.1.tgz",
      "integrity": "sha512-/Srv4dswyQNBfohGpz9o6Yb3Gz3SrUDqBH5rTuhGR7ahtlbYKnVxw2bCFMRljaA7EXHaXZ8wsHdodFvbkhKmqg=="
    },
    "node_modules/decompress-response": {
      "version": "6.0.0",
      "resolved": "https://registry.npmjs.org/decompress-response/-/decompress-response-6.0.0.tgz",
      "integrity": "sha512-aW35yZM6Bb/4oJlZncMH2LCoZtJXTRxES17vE3hoRiowU2kWHaJKFkSBDnDR+cm9J+9QhXmREyIfv0pji9ejCQ==",
      "dependencies": {
        "mimic-response": "^3.1.0"
      },
      "engines": {
        "node": ">=10"
      },
      "funding": {
        "url": "https://github.com/sponsors/sindresorhus"
      }
    },
    "node_modules/decompress-response/node_modules/mimic-response": {
      "version": "3.1.0",
      "resolved": "https://registry.npmjs.org/mimic-response/-/mimic-response-3.1.0.tgz",
      "integrity": "sha512-z0yWI+4FDrrweS8Zmt4Ej5HdJmky15+L2e6Wgn3+iK5fWzb6T3fhNFq2+MeTRb064c6Wr4N/wv0DzQTjNzHNGQ==",
      "engines": {
        "node": ">=10"
      },
      "funding": {
        "url": "https://github.com/sponsors/sindresorhus"
      }
    },
    "node_modules/defer-to-connect": {
      "version": "2.0.1",
      "resolved": "https://registry.npmjs.org/defer-to-connect/-/defer-to-connect-2.0.1.tgz",
      "integrity": "sha512-4tvttepXG1VaYGrRibk5EwJd1t4udunSOVMdLSAL6mId1ix438oPwPZMALY41FCijukO1L0twNcGsdzS7dHgDg==",
      "engines": {
        "node": ">=10"
      }
    },
    "node_modules/end-of-stream": {
      "version": "1.4.4",
      "resolved": "https://registry.npmjs.org/end-of-stream/-/end-of-stream-1.4.4.tgz",
      "integrity": "sha512-+uw1inIHVPQoaVuHzRyXd21icM+cnt4CzD5rW+NC1wjOUSTOs+Te7FOv7AhN7vS9x/oIyhLP5PR1H+phQAHu5Q==",
      "dependencies": {
        "once": "^1.4.0"
      }
    },
    "node_modules/fast-fifo": {
      "version": "1.3.2",
      "resolved": "https://registry.npmjs.org/fast-fifo/-/fast-fifo-1.3.2.tgz",
      "integrity": "sha512-/d9sfos4yxzpwkDkuN7k2SqFKtYNmCTzgfEpz82x34IM9/zc8KGxQoXg1liNC/izpRM/MBdt44Nmx41ZWqk+FQ=="
    },
    "node_modules/form-data-encoder": {
      "version": "4.0.2",
      "resolved": "https://registry.npmjs.org/form-data-encoder/-/form-data-encoder-4.0.2.tgz",
      "integrity": "sha512-KQVhvhK8ZkWzxKxOr56CPulAhH3dobtuQ4+hNQ+HekH/Wp5gSOafqRAeTphQUJAIk0GBvHZgJ2ZGRWd5kphMuw==",
      "engines": {
        "node": ">= 18"
      }
    },
    "node_modules/fs-extra": {
      "version": "10.1.0",
      "resolved": "https://registry.npmjs.org/fs-extra/-/fs-extra-10.1.0.tgz",
      "integrity": "sha512-oRXApq54ETRj4eMiFzGnHWGy+zo5raudjuxN0b8H7s/RU2oW0Wvsx9O0ACRN/kRq9E8Vu/ReskGB5o3ji+FzHQ==",
      "dependencies": {
        "graceful-fs": "^4.2.0",
        "jsonfile": "^6.0.1",
        "universalify": "^2.0.0"
      },
      "engines": {
        "node": ">=12"
      }
    },
    "node_modules/fs.realpath": {
      "version": "1.0.0",
      "resolved": "https://registry.npmjs.org/fs.realpath/-/fs.realpath-1.0.0.tgz",
      "integrity": "sha512-OO0pH2lK6a0hZnAdau5ItzHPI6pUlvI7jMVnxUQRtw4owF2wk8lOSabtGDCTP4Ggrg2MbGnWO9X8K1t4+fGMDw=="
    },
    "node_modules/get-stream": {
      "version": "8.0.1",
      "resolved": "https://registry.npmjs.org/get-stream/-/get-stream-8.0.1.tgz",
      "integrity": "sha512-VaUJspBffn/LMCJVoMvSAdmscJyS1auj5Zulnn5UoYcY531UWmdwhRWkcGKnGU93m5HSXP9LP2usOryrBtQowA==",
      "engines": {
        "node": ">=16"
      },
      "funding": {
        "url": "https://github.com/sponsors/sindresorhus"
      }
    },
    "node_modules/glob": {
      "version": "7.2.3",
      "resolved": "https://registry.npmjs.org/glob/-/glob-7.2.3.tgz",
      "integrity": "sha512-nFR0zLpU2YCaRxwoCJvL6UvCH2JFyFVIvwTLsIf21AuHlMskA1hhTdk+LlYJtOlYt9v6dvszD2BGRqBL+iQK9Q==",
      "dependencies": {
        "fs.realpath": "^1.0.0",
        "inflight": "^1.0.4",
        "inherits": "2",
        "minimatch": "^3.1.1",
        "once": "^1.3.0",
        "path-is-absolute": "^1.0.0"
      },
      "engines": {
        "node": "*"
      },
      "funding": {
        "url": "https://github.com/sponsors/isaacs"
      }
    },
    "node_modules/got": {
      "version": "14.2.1",
      "resolved": "https://registry.npmjs.org/got/-/got-14.2.1.tgz",
      "integrity": "sha512-KOaPMremmsvx6l9BLC04LYE6ZFW4x7e4HkTe3LwBmtuYYQwpeS4XKqzhubTIkaQ1Nr+eXxeori0zuwupXMovBQ==",
      "dependencies": {
        "@sindresorhus/is": "^6.1.0",
        "@szmarczak/http-timer": "^5.0.1",
        "cacheable-lookup": "^7.0.0",
        "cacheable-request": "^10.2.14",
        "decompress-response": "^6.0.0",
        "form-data-encoder": "^4.0.2",
        "get-stream": "^8.0.1",
        "http2-wrapper": "^2.2.1",
        "lowercase-keys": "^3.0.0",
        "p-cancelable": "^4.0.1",
        "responselike": "^3.0.0"
      },
      "engines": {
        "node": ">=20"
      },
      "funding": {
        "url": "https://github.com/sindresorhus/got?sponsor=1"
      }
    },
    "node_modules/graceful-fs": {
      "version": "4.2.11",
      "resolved": "https://registry.npmjs.org/graceful-fs/-/graceful-fs-4.2.11.tgz",
      "integrity": "sha512-RbJ5/jmFcNNCcDV5o9eTnBLJ/HszWV0P73bc+Ff4nS/rJj+YaS6IGyiOL0VoBYX+l1Wrl3k63h/KrH+nhJ0XvQ=="
    },
    "node_modules/http-cache-semantics": {
      "version": "4.1.1",
      "resolved": "https://registry.npmjs.org/http-cache-semantics/-/http-cache-semantics-4.1.1.tgz",
      "integrity": "sha512-er295DKPVsV82j5kw1Gjt+ADA/XYHsajl82cGNQG2eyoPkvgUhX+nDIyelzhIWbbsXP39EHcI6l5tYs2FYqYXQ=="
    },
    "node_modules/http2-wrapper": {
      "version": "2.2.1",
      "resolved": "https://registry.npmjs.org/http2-wrapper/-/http2-wrapper-2.2.1.tgz",
      "integrity": "sha512-V5nVw1PAOgfI3Lmeaj2Exmeg7fenjhRUgz1lPSezy1CuhPYbgQtbQj4jZfEAEMlaL+vupsvhjqCyjzob0yxsmQ==",
      "dependencies": {
        "quick-lru": "^5.1.1",
        "resolve-alpn": "^1.2.0"
      },
      "engines": {
        "node": ">=10.19.0"
      }
    },
    "node_modules/inflight": {
      "version": "1.0.6",
      "resolved": "https://registry.npmjs.org/inflight/-/inflight-1.0.6.tgz",
      "integrity": "sha512-k92I/b08q4wvFscXCLvqfsHCrjrF7yiXsQuIVvVE7N82W3+aqpzuUdBbfhWcy/FZR3/4IgflMgKLOsvPDrGCJA==",
      "dependencies": {
        "once": "^1.3.0",
        "wrappy": "1"
      }
    },
    "node_modules/inherits": {
      "version": "2.0.4",
      "resolved": "https://registry.npmjs.org/inherits/-/inherits-2.0.4.tgz",
      "integrity": "sha512-k/vGaX4/Yla3WzyMCvTQOXYeIHvqOKtnqBduzTHpzpQZzAskKMhZ2K+EnBiSM9zGSoIFeMpXKxa4dYeZIQqewQ=="
    },
    "node_modules/is-windows": {
      "version": "1.0.2",
      "resolved": "https://registry.npmjs.org/is-windows/-/is-windows-1.0.2.tgz",
      "integrity": "sha512-eXK1UInq2bPmjyX6e3VHIzMLobc4J94i4AWn+Hpq3OU5KkrRC96OAcR3PRJ/pGu6m8TRnBHP9dkXQVsT/COVIA==",
      "engines": {
        "node": ">=0.10.0"
      }
    },
    "node_modules/json-buffer": {
      "version": "3.0.1",
      "resolved": "https://registry.npmjs.org/json-buffer/-/json-buffer-3.0.1.tgz",
      "integrity": "sha512-4bV5BfR2mqfQTJm+V5tPPdf+ZpuhiIvTuAB5g8kcrXOZpTT/QwwVRWBywX1ozr6lEuPdbHxwaJlm9G6mI2sfSQ=="
    },
    "node_modules/jsonfile": {
      "version": "6.1.0",
      "resolved": "https://registry.npmjs.org/jsonfile/-/jsonfile-6.1.0.tgz",
      "integrity": "sha512-5dgndWOriYSm5cnYaJNhalLNDKOqFwyDB/rr1E9ZsGciGvKPs8R2xYGCacuf3z6K1YKDz182fd+fY3cn3pMqXQ==",
      "dependencies": {
        "universalify": "^2.0.0"
      },
      "optionalDependencies": {
        "graceful-fs": "^4.1.6"
      }
    },
    "node_modules/keyv": {
      "version": "4.5.4",
      "resolved": "https://registry.npmjs.org/keyv/-/keyv-4.5.4.tgz",
      "integrity": "sha512-oxVHkHR/EJf2CNXnWxRLW6mg7JyCCUcG0DtEGmL2ctUo1PNTin1PUil+r/+4r5MpVgC/fn1kjsx7mjSujKqIpw==",
      "dependencies": {
        "json-buffer": "3.0.1"
      }
    },
    "node_modules/lowercase-keys": {
      "version": "3.0.0",
      "resolved": "https://registry.npmjs.org/lowercase-keys/-/lowercase-keys-3.0.0.tgz",
      "integrity": "sha512-ozCC6gdQ+glXOQsveKD0YsDy8DSQFjDTz4zyzEHNV5+JP5D62LmfDZ6o1cycFx9ouG940M5dE8C8CTewdj2YWQ==",
      "engines": {
        "node": "^12.20.0 || ^14.13.1 || >=16.0.0"
      },
      "funding": {
        "url": "https://github.com/sponsors/sindresorhus"
      }
    },
    "node_modules/mimic-response": {
      "version": "4.0.0",
      "resolved": "https://registry.npmjs.org/mimic-response/-/mimic-response-4.0.0.tgz",
      "integrity": "sha512-e5ISH9xMYU0DzrT+jl8q2ze9D6eWBto+I8CNpe+VI+K2J/F/k3PdkdTdz4wvGVH4NTpo+NRYTVIuMQEMMcsLqg==",
      "engines": {
        "node": "^12.20.0 || ^14.13.1 || >=16.0.0"
      },
      "funding": {
        "url": "https://github.com/sponsors/sindresorhus"
      }
    },
    "node_modules/minimatch": {
      "version": "3.1.2",
      "resolved": "https://registry.npmjs.org/minimatch/-/minimatch-3.1.2.tgz",
      "integrity": "sha512-J7p63hRiAjw1NDEww1W7i37+ByIrOWO5XQQAzZ3VOcL0PNybwpfmV/N05zFAzwQ9USyEcX6t3UO+K5aqBQOIHw==",
      "dependencies": {
        "brace-expansion": "^1.1.7"
      },
      "engines": {
        "node": "*"
      }
    },
    "node_modules/normalize-url": {
      "version": "8.0.1",
      "resolved": "https://registry.npmjs.org/normalize-url/-/normalize-url-8.0.1.tgz",
      "integrity": "sha512-IO9QvjUMWxPQQhs60oOu10CRkWCiZzSUkzbXGGV9pviYl1fXYcvkzQ5jV9z8Y6un8ARoVRl4EtC6v6jNqbaJ/w==",
      "engines": {
        "node": ">=14.16"
      },
      "funding": {
        "url": "https://github.com/sponsors/sindresorhus"
      }
    },
    "node_modules/once": {
      "version": "1.4.0",
      "resolved": "https://registry.npmjs.org/once/-/once-1.4.0.tgz",
      "integrity": "sha512-lNaJgI+2Q5URQBkccEKHTQOPaXdUxnZZElQTZY0MFUAuaEqe1E+Nyvgdz/aIyNi6Z9MzO5dv1H8n58/GELp3+w==",
      "dependencies": {
        "wrappy": "1"
      }
    },
    "node_modules/p-cancelable": {
      "version": "4.0.1",
      "resolved": "https://registry.npmjs.org/p-cancelable/-/p-cancelable-4.0.1.tgz",
      "integrity": "sha512-wBowNApzd45EIKdO1LaU+LrMBwAcjfPaYtVzV3lmfM3gf8Z4CHZsiIqlM8TZZ8okYvh5A1cP6gTfCRQtwUpaUg==",
      "engines": {
        "node": ">=14.16"
      }
    },
    "node_modules/path-is-absolute": {
      "version": "1.0.1",
      "resolved": "https://registry.npmjs.org/path-is-absolute/-/path-is-absolute-1.0.1.tgz",
      "integrity": "sha512-AVbw3UJ2e9bq64vSaS9Am0fje1Pa8pbGqTTsmXfaIiMpnr5DlDhfJOuLj9Sf95ZPVDAUerDfEk88MPmPe7UCQg==",
      "engines": {
        "node": ">=0.10.0"
      }
    },
    "node_modules/pump": {
      "version": "3.0.0",
      "resolved": "https://registry.npmjs.org/pump/-/pump-3.0.0.tgz",
      "integrity": "sha512-LwZy+p3SFs1Pytd/jYct4wpv49HiYCqd9Rlc5ZVdk0V+8Yzv6jR5Blk3TRmPL1ft69TxP0IMZGJ+WPFU2BFhww==",
      "dependencies": {
        "end-of-stream": "^1.1.0",
        "once": "^1.3.1"
      }
    },
    "node_modules/queue-tick": {
      "version": "1.0.1",
      "resolved": "https://registry.npmjs.org/queue-tick/-/queue-tick-1.0.1.tgz",
      "integrity": "sha512-kJt5qhMxoszgU/62PLP1CJytzd2NKetjSRnyuj31fDd3Rlcz3fzlFdFLD1SItunPwyqEOkca6GbV612BWfaBag=="
    },
    "node_modules/quick-lru": {
      "version": "5.1.1",
      "resolved": "https://registry.npmjs.org/quick-lru/-/quick-lru-5.1.1.tgz",
      "integrity": "sha512-WuyALRjWPDGtt/wzJiadO5AXY+8hZ80hVpe6MyivgraREW751X3SbhRvG3eLKOYN+8VEvqLcf3wdnt44Z4S4SA==",
      "engines": {
        "node": ">=10"
      },
      "funding": {
        "url": "https://github.com/sponsors/sindresorhus"
      }
    },
    "node_modules/rename-overwrite": {
      "version": "5.0.0",
      "resolved": "https://registry.npmjs.org/rename-overwrite/-/rename-overwrite-5.0.0.tgz",
      "integrity": "sha512-vSxE5Ww7Jnyotvaxi3Dj0vOMoojH8KMkBfs9xYeW/qNfJiLTcC1fmwTjrbGUq3mQSOCxkG0DbdcvwTUrpvBN4w==",
      "dependencies": {
        "@zkochan/rimraf": "^2.1.2",
        "fs-extra": "10.1.0"
      },
      "engines": {
        "node": ">=12.10"
      }
    },
    "node_modules/resolve-alpn": {
      "version": "1.2.1",
      "resolved": "https://registry.npmjs.org/resolve-alpn/-/resolve-alpn-1.2.1.tgz",
      "integrity": "sha512-0a1F4l73/ZFZOakJnQ3FvkJ2+gSTQWz/r2KE5OdDY0TxPm5h4GkqkWWfM47T7HsbnOtcJVEF4epCVy6u7Q3K+g=="
    },
    "node_modules/responselike": {
      "version": "3.0.0",
      "resolved": "https://registry.npmjs.org/responselike/-/responselike-3.0.0.tgz",
      "integrity": "sha512-40yHxbNcl2+rzXvZuVkrYohathsSJlMTXKryG5y8uciHv1+xDLHQpgjG64JUO9nrEq2jGLH6IZ8BcZyw3wrweg==",
      "dependencies": {
        "lowercase-keys": "^3.0.0"
      },
      "engines": {
        "node": ">=14.16"
      },
      "funding": {
        "url": "https://github.com/sponsors/sindresorhus"
      }
    },
    "node_modules/rimraf": {
      "version": "3.0.2",
      "resolved": "https://registry.npmjs.org/rimraf/-/rimraf-3.0.2.tgz",
      "integrity": "sha512-JZkJMZkAGFFPP2YqXZXPbMlMBgsxzE8ILs4lMIX/2o0L9UBw9O/Y3o6wFw/i9YLapcUJWwqbi3kdxIPdC62TIA==",
      "dependencies": {
        "glob": "^7.1.3"
      },
      "bin": {
        "rimraf": "bin.js"
      },
      "funding": {
        "url": "https://github.com/sponsors/isaacs"
      }
    },
    "node_modules/streamx": {
      "version": "2.16.1",
      "resolved": "https://registry.npmjs.org/streamx/-/streamx-2.16.1.tgz",
      "integrity": "sha512-m9QYj6WygWyWa3H1YY69amr4nVgy61xfjys7xO7kviL5rfIEc2naf+ewFiOA+aEJD7y0JO3h2GoiUv4TDwEGzQ==",
      "dependencies": {
        "fast-fifo": "^1.1.0",
        "queue-tick": "^1.0.1"
      },
      "optionalDependencies": {
        "bare-events": "^2.2.0"
      }
    },
    "node_modules/symlink-dir": {
      "version": "6.0.0",
      "resolved": "https://registry.npmjs.org/symlink-dir/-/symlink-dir-6.0.0.tgz",
      "integrity": "sha512-n9BprpIwCiM5yqTpYwOXbIkrycqk8M+fA4VeeVuC/qn5kh+NjpCw26rY2Ltnzs2uGaZKS/wPSKhAQBK78sgLJA==",
      "dependencies": {
        "better-path-resolve": "^1.0.0",
        "rename-overwrite": "^5.0.0"
      },
      "bin": {
        "symlink-dir": "dist/cli.js"
      },
      "engines": {
        "node": ">=18.12"
      }
    },
    "node_modules/tar-fs": {
      "version": "3.0.6",
      "resolved": "https://registry.npmjs.org/tar-fs/-/tar-fs-3.0.6.tgz",
      "integrity": "sha512-iokBDQQkUyeXhgPYaZxmczGPhnhXZ0CmrqI+MOb/WFGS9DW5wnfrLgtjUJBvz50vQ3qfRwJ62QVoCFu8mPVu5w==",
      "dependencies": {
        "pump": "^3.0.0",
        "tar-stream": "^3.1.5"
      },
      "optionalDependencies": {
        "bare-fs": "^2.1.1",
        "bare-path": "^2.1.0"
      }
    },
    "node_modules/tar-stream": {
      "version": "3.1.7",
      "resolved": "https://registry.npmjs.org/tar-stream/-/tar-stream-3.1.7.tgz",
      "integrity": "sha512-qJj60CXt7IU1Ffyc3NJMjh6EkuCFej46zUqJ4J7pqYlThyd9bO0XBTmcOIhSzZJVWfsLks0+nle/j538YAW9RQ==",
      "dependencies": {
        "b4a": "^1.6.4",
        "fast-fifo": "^1.2.0",
        "streamx": "^2.15.0"
      }
    },
    "node_modules/undici-types": {
      "version": "5.26.5",
      "resolved": "https://registry.npmjs.org/undici-types/-/undici-types-5.26.5.tgz",
      "integrity": "sha512-JlCMO+ehdEIKqlFxk6IfVoAUVmgz7cU7zD/h9XZ0qzeosSHmUJVOzSQvvYSYWXkFXC+IfLKSIffhv0sVZup6pA==",
      "dev": true
    },
    "node_modules/universalify": {
      "version": "2.0.1",
      "resolved": "https://registry.npmjs.org/universalify/-/universalify-2.0.1.tgz",
      "integrity": "sha512-gptHNQghINnc/vTGIk0SOFGFNXw7JVrlRUtConJRlvaw6DuX0wO5Jeko9sWrMBhh+PsYAZ7oXAiOnf/UKogyiw==",
      "engines": {
        "node": ">= 10.0.0"
      }
    },
    "node_modules/wrappy": {
      "version": "1.0.2",
      "resolved": "https://registry.npmjs.org/wrappy/-/wrappy-1.0.2.tgz",
      "integrity": "sha512-l4Sp/DRseor9wL6EvV2+TuQn63dMkPjZ/sp9XkghTEbV9KlPS1xUsZ3u7/IQO4wxtcFB4bgpQPRcR3QCvezPcQ=="
    },
    "node_modules/ws": {
      "version": "8.17.0",
      "resolved": "https://registry.npmjs.org/ws/-/ws-8.17.0.tgz",
      "integrity": "sha512-uJq6108EgZMAl20KagGkzCKfMEjxmKvZHG7Tlq0Z6nOky7YF7aq4mOx6xK8TJ/i1LeK4Qus7INktacctDgY8Ow==",
      "engines": {
        "node": ">=10.0.0"
      },
      "peerDependencies": {
        "bufferutil": "^4.0.1",
        "utf-8-validate": ">=5.0.2"
      },
      "peerDependenciesMeta": {
        "bufferutil": {
          "optional": true
        },
        "utf-8-validate": {
          "optional": true
        }
      }
    }
  }
}
