{
  "name": "@lvce-editor/renderer-worker",
  "version": "0.0.0-dev",
  "lockfileVersion": 3,
  "requires": true,
  "packages": {
    "": {
      "name": "@lvce-editor/renderer-worker",
      "version": "0.0.0-dev",
      "license": "MIT",
      "dependencies": {
        "@lvce-editor/about-view": "^5.11.0",
        "@lvce-editor/clipboard-worker": "^1.10.0",
        "@lvce-editor/color-picker-worker": "^2.0.0",
        "@lvce-editor/completion-worker": "^1.25.0",
        "@lvce-editor/debug-worker": "^3.30.0",
        "@lvce-editor/diff-worker": "^1.5.0",
        "@lvce-editor/editor-worker": "^7.16.0",
        "@lvce-editor/embeds-worker": "^4.0.0",
        "@lvce-editor/error-worker": "^2.1.0",
        "@lvce-editor/explorer-view": "^3.5.0",
        "@lvce-editor/extension-detail-view": "^3.57.0",
        "@lvce-editor/extension-host-sub-worker": "^3.14.0",
        "@lvce-editor/extension-host-worker": "^5.22.0",
        "@lvce-editor/extension-search-view": "^4.0.0",
        "@lvce-editor/file-search-worker": "^5.18.0",
        "@lvce-editor/file-system-worker": "^1.22.0",
        "@lvce-editor/find-widget-worker": "^1.11.0",
        "@lvce-editor/iframe-inspector": "^2.3.0",
        "@lvce-editor/iframe-worker": "^5.34.0",
        "@lvce-editor/keybindings-view": "^5.2.0",
        "@lvce-editor/markdown-worker": "^1.8.0",
        "@lvce-editor/output-view": "^1.19.0",
        "@lvce-editor/problems-view": "^1.11.0",
        "@lvce-editor/references-view": "^2.1.0",
        "@lvce-editor/rename-worker": "^1.16.0",
        "@lvce-editor/renderer-process": "^15.5.0",
        "@lvce-editor/settings-view": "^1.20.0",
        "@lvce-editor/simple-browser-view": "^1.0.0",
        "@lvce-editor/source-control-worker": "^1.14.0",
        "@lvce-editor/syntax-highlighting-worker": "^2.2.0",
        "@lvce-editor/terminal-worker": "^1.2.0",
        "@lvce-editor/test-worker": "^4.39.0",
        "@lvce-editor/text-search-worker": "^5.5.0",
        "@lvce-editor/title-bar-worker": "^2.3.0"
      },
      "devDependencies": {
        "@types/node": "^24.2.1"
      }
    },
    "node_modules/@lvce-editor/about-view": {
      "version": "5.11.0",
      "resolved": "https://registry.npmjs.org/@lvce-editor/about-view/-/about-view-5.11.0.tgz",
      "integrity": "sha512-4uuQElXetqqQ1OSxp+UOT7XA03apdMhRdMGYXjiqP7tePw8a/MUM660uqngJOOU8Q1cGG0WJQ5xlaJXbFQbhPg==",
      "license": "MIT"
    },
    "node_modules/@lvce-editor/clipboard-worker": {
      "version": "1.10.0",
      "resolved": "https://registry.npmjs.org/@lvce-editor/clipboard-worker/-/clipboard-worker-1.10.0.tgz",
      "integrity": "sha512-tdLfqWvcBS9e1itQk++OxbdmdE/IcpsogWIvSPBMV++RH1tyetdwAGTPo5O5DHI6i2dJXJ3MNJPqSdFzBJVWjw==",
      "license": "MIT"
    },
    "node_modules/@lvce-editor/color-picker-worker": {
      "version": "2.0.0",
      "resolved": "https://registry.npmjs.org/@lvce-editor/color-picker-worker/-/color-picker-worker-2.0.0.tgz",
      "integrity": "sha512-cYxXh4vXGnI4gNQU8KodNkK2pCWoNkxrRwA9gWoU5nbEbV1i0tXHii+8adFZ90qgKRJVGOyS6d9R485RW5yR4w==",
      "license": "MIT"
    },
    "node_modules/@lvce-editor/completion-worker": {
      "version": "1.26.0",
      "resolved": "https://registry.npmjs.org/@lvce-editor/completion-worker/-/completion-worker-1.26.0.tgz",
      "integrity": "sha512-FV51yGzj31m9657u+SbZYtyJppcb6MxW+DZ6plAIp8zonSkvgtIi9Wc9WCSXB6dN8rtTEFszRoKLqS5Gds9TAg==",
      "license": "MIT"
    },
    "node_modules/@lvce-editor/debug-worker": {
      "version": "3.30.0",
      "resolved": "https://registry.npmjs.org/@lvce-editor/debug-worker/-/debug-worker-3.30.0.tgz",
      "integrity": "sha512-fedft/hrv7odyijeHq4IfOa+PxnZLZS4IHb6K9BydNtYNDyMDq7iDHzsTC/VX6gs2XjTIH0lbfBkpprs8NY9/Q==",
      "license": "MIT"
    },
    "node_modules/@lvce-editor/diff-worker": {
      "version": "1.5.0",
      "resolved": "https://registry.npmjs.org/@lvce-editor/diff-worker/-/diff-worker-1.5.0.tgz",
      "integrity": "sha512-Wq+LiAoAuzix/yEHX/tFtTnvp/CWMmXdZ9LJ4euM8oC1xwLIv7N5cdMAbFj42onUr+icmBc3PzRcQH2hUBvUuQ==",
      "license": "MIT"
    },
    "node_modules/@lvce-editor/editor-worker": {
      "version": "7.17.0",
      "resolved": "https://registry.npmjs.org/@lvce-editor/editor-worker/-/editor-worker-7.17.0.tgz",
      "integrity": "sha512-whHOd7EDgycwXZIz0SRFpbAS/R4yGWQF/ODnvMP8kVowrvsMiJewlygO9qcp6ltr8DfkYmRirMsPde4VUEKFfA==",
      "license": "MIT"
    },
    "node_modules/@lvce-editor/embeds-worker": {
      "version": "4.0.0",
      "resolved": "https://registry.npmjs.org/@lvce-editor/embeds-worker/-/embeds-worker-4.0.0.tgz",
      "integrity": "sha512-fW3guXzNOew/qwQ9Uj1jGW2M8WjAvsCNcYCqnlDvbx7xopZxkC93fkv8BHwGOlsH9zmKNH9Tpgr4b8K2oPAe0Q==",
      "license": "MIT"
    },
    "node_modules/@lvce-editor/error-worker": {
      "version": "2.1.0",
      "resolved": "https://registry.npmjs.org/@lvce-editor/error-worker/-/error-worker-2.1.0.tgz",
      "integrity": "sha512-aKPmGr6Ezz5FW5T446yxOjl6rfSqXDN/Oamht+CuHdIdYI0h1aQ0YGzOge/46Phh2BPRHi78CmBjdy5jq3cthA==",
      "license": "MIT"
    },
    "node_modules/@lvce-editor/explorer-view": {
      "version": "3.5.0",
      "resolved": "https://registry.npmjs.org/@lvce-editor/explorer-view/-/explorer-view-3.5.0.tgz",
      "integrity": "sha512-Gzf3lpk4iPW1j/yhrmmFFlQQ91A7hCQOcsn+gu9D8MkrGkre1NWtWdMA6uh6D5792asUUHywpkN5LIwqcQTYig==",
      "license": "MIT"
    },
    "node_modules/@lvce-editor/extension-detail-view": {
      "version": "3.57.0",
      "resolved": "https://registry.npmjs.org/@lvce-editor/extension-detail-view/-/extension-detail-view-3.57.0.tgz",
      "integrity": "sha512-J0NW4QqUJZrzwQMeQNp0gCK+5ZW77HYXSrmqm5EgpVb5tAtr15VMapHMBgTHH9+TnjIczwhI5UnrsyMoWDYQLw==",
      "license": "MIT"
    },
    "node_modules/@lvce-editor/extension-host-sub-worker": {
      "version": "3.14.0",
      "resolved": "https://registry.npmjs.org/@lvce-editor/extension-host-sub-worker/-/extension-host-sub-worker-3.14.0.tgz",
      "integrity": "sha512-hMHJWTi/WqGN0vHqxuq3Cb0Ni2JMNqUQfZQ1j/m4bwHkZGLpmBXehFGRM7WysCpVoCIFVMtxcUmoOgL2r9TVfQ==",
      "license": "MIT",
      "engines": {
        "node": ">=18"
      }
    },
    "node_modules/@lvce-editor/extension-host-worker": {
      "version": "5.22.0",
      "resolved": "https://registry.npmjs.org/@lvce-editor/extension-host-worker/-/extension-host-worker-5.22.0.tgz",
      "integrity": "sha512-w8DmKrfe9MurRiHaRdclLzHC/L9j30dZvPdw3qbR7lLl8mHB35qGWokQEzVH9LzJMxsgq3HvYWdDDK3inhiU5w==",
      "license": "MIT"
    },
    "node_modules/@lvce-editor/extension-search-view": {
      "version": "4.0.0",
      "resolved": "https://registry.npmjs.org/@lvce-editor/extension-search-view/-/extension-search-view-4.0.0.tgz",
      "integrity": "sha512-FqLQT7aHVF4iVGCh9e2AT/kopyN4oTGeF981fiQP4urgpV136Kqb/0VK8uvqetT5v6sZdiCj5aF1mrb9AvgwdA==",
      "license": "MIT"
    },
    "node_modules/@lvce-editor/file-search-worker": {
      "version": "5.18.0",
      "resolved": "https://registry.npmjs.org/@lvce-editor/file-search-worker/-/file-search-worker-5.18.0.tgz",
      "integrity": "sha512-IK5Iqm6SNQwPUf7Yj4VE9pGM5aorJ7qZfcl/u1UzFuQTT1eFDV2jeUIMlQ80gfgCtWUywXuKWNV7xWgr/FTfuA==",
      "license": "MIT"
    },
    "node_modules/@lvce-editor/file-system-worker": {
      "version": "1.22.0",
      "resolved": "https://registry.npmjs.org/@lvce-editor/file-system-worker/-/file-system-worker-1.22.0.tgz",
      "integrity": "sha512-tDotyY4uGl5XXtyV6J5vpbtQASmJqXNZZB693SCRsVJTxaLY2xJtm3MrVjZyjFRmzjvdkoD+vgpbdUCW9YPihw==",
      "license": "MIT"
    },
    "node_modules/@lvce-editor/find-widget-worker": {
      "version": "1.11.0",
      "resolved": "https://registry.npmjs.org/@lvce-editor/find-widget-worker/-/find-widget-worker-1.11.0.tgz",
      "integrity": "sha512-rNn1+NaoKbReT+eStYeqb5pqgx1xWZzYHMtNs62CyowTcgXP7El5naD2tplRtaY/WizpHKAeB/rpTI1jm1w97Q==",
      "license": "MIT"
    },
    "node_modules/@lvce-editor/iframe-inspector": {
      "version": "2.3.0",
      "resolved": "https://registry.npmjs.org/@lvce-editor/iframe-inspector/-/iframe-inspector-2.3.0.tgz",
      "integrity": "sha512-hWBqfzgWgVo9ndWQ1PNGre8whdIUy9hDmhHp2N4MPE5VfjbrwNycqx91zfdD9tHVnSiXUAjiyno+p8TorP3v7Q==",
      "license": "MIT"
    },
    "node_modules/@lvce-editor/iframe-worker": {
      "version": "5.34.0",
      "resolved": "https://registry.npmjs.org/@lvce-editor/iframe-worker/-/iframe-worker-5.34.0.tgz",
      "integrity": "sha512-M7igzvTslqMMnj8yWp7yntaczxUJEFgZjfMngylcpPzLKyfNU2WKm8NGn/N/lQpvo/L6mDhay6jpXcnxNMGQfA==",
      "license": "MIT"
    },
    "node_modules/@lvce-editor/keybindings-view": {
      "version": "5.2.0",
      "resolved": "https://registry.npmjs.org/@lvce-editor/keybindings-view/-/keybindings-view-5.2.0.tgz",
      "integrity": "sha512-vKOrAAvce9FQoS7QOb/HRtSxWsQrKtIzFsGNItmfBaQaRAOuZuiwtFV14G33p3KKsxFWCfqUOEWGBHOZdEDP4Q==",
      "license": "MIT"
    },
    "node_modules/@lvce-editor/markdown-worker": {
      "version": "1.8.0",
      "resolved": "https://registry.npmjs.org/@lvce-editor/markdown-worker/-/markdown-worker-1.8.0.tgz",
      "integrity": "sha512-hrTGim6hWJaJ3N4JonVzqV1dJnSz8JRhyzjgiJag2WQxJJmjC23S1VVhbzX6Cs9k41JFsHMY67A92D4PbW9GVw==",
      "license": "MIT"
    },
    "node_modules/@lvce-editor/output-view": {
      "version": "1.19.0",
      "resolved": "https://registry.npmjs.org/@lvce-editor/output-view/-/output-view-1.19.0.tgz",
      "integrity": "sha512-E779D2LKmEMUJN3Rj36oHzNvVJoRYWjc/9D8njQC+lbtoI48i65ZsuVTJxO99trK8JlLO++uV5Xw7Mk1M+VOQQ==",
      "license": "MIT"
    },
    "node_modules/@lvce-editor/problems-view": {
      "version": "1.11.0",
      "resolved": "https://registry.npmjs.org/@lvce-editor/problems-view/-/problems-view-1.11.0.tgz",
      "integrity": "sha512-xHkKblVKIKCfTTuj3BRdamUMXJ9B60gm1YRXKPy7djUaopYyinVfouH/gA9QkHil7a9EMR0f0BlAP+KsQXL3RQ==",
      "license": "MIT"
    },
    "node_modules/@lvce-editor/references-view": {
      "version": "2.1.0",
      "resolved": "https://registry.npmjs.org/@lvce-editor/references-view/-/references-view-2.1.0.tgz",
      "integrity": "sha512-W210jO9A9OTAOV8s7BAhLVuMTtVcMMPNrTovPGk/fDyq+X+pZnN+bPjYHyhQz7JTsSQiI18/mpnLGoitHjc2NQ==",
      "license": "MIT"
    },
    "node_modules/@lvce-editor/rename-worker": {
      "version": "1.16.0",
      "resolved": "https://registry.npmjs.org/@lvce-editor/rename-worker/-/rename-worker-1.16.0.tgz",
      "integrity": "sha512-ymQggMk6AKMwYAcV/0CW58DhRMeGR+Ezzqr2NXrULUwLyK0ckZ2NEtgn68MSapoqbuvS3ql6r46bT0RbYY3TYw==",
      "license": "MIT"
    },
    "node_modules/@lvce-editor/renderer-process": {
      "version": "15.5.0",
      "resolved": "https://registry.npmjs.org/@lvce-editor/renderer-process/-/renderer-process-15.5.0.tgz",
      "integrity": "sha512-NzY11z55alYch1qwIm8Hwq1MJOUxJG7w92BXQhj7Q9kgAGsQS5EwJR12/MpnOyGy5xVqcBNpAJI3B39ST+OvSQ==",
      "license": "MIT"
    },
    "node_modules/@lvce-editor/settings-view": {
      "version": "1.20.0",
      "resolved": "https://registry.npmjs.org/@lvce-editor/settings-view/-/settings-view-1.20.0.tgz",
      "integrity": "sha512-xlKriB5VpLt+bHI1AgeYPc+LcVik+ofrrIwcpajE9cJotNvXjgyVzQu47ZQpNnsHT86kY+EDZ9zzmb30NhLCfw==",
      "license": "MIT"
    },
    "node_modules/@lvce-editor/simple-browser-view": {
      "version": "1.0.0",
      "resolved": "https://registry.npmjs.org/@lvce-editor/simple-browser-view/-/simple-browser-view-1.0.0.tgz",
      "integrity": "sha512-JRPj9EWA/H4BFIaoahp57o9EuF3hoPQU+UtueTRdoWPexxnr5pEJJ4ayy7sh0TMyfK2yFuzc0Ka9bYR+c+OtLw==",
      "license": "MIT"
    },
    "node_modules/@lvce-editor/source-control-worker": {
      "version": "1.14.0",
      "resolved": "https://registry.npmjs.org/@lvce-editor/source-control-worker/-/source-control-worker-1.14.0.tgz",
      "integrity": "sha512-hN1263/pSJj0ANlcd1XoljMC0PdNfNavw70XKkhUgQY+8/hXfjhkl1FsLJWuVjFZwZx3kUVWoJYDI5bl0Yq7iw==",
      "license": "MIT"
    },
    "node_modules/@lvce-editor/syntax-highlighting-worker": {
      "version": "2.2.0",
      "resolved": "https://registry.npmjs.org/@lvce-editor/syntax-highlighting-worker/-/syntax-highlighting-worker-2.2.0.tgz",
      "integrity": "sha512-23jBsX3MVWdwecLhfgmoMkjh8D96aK3ADQqIwF37h4PT+foixUnS3kAcLATmFlun+7sq2lUmtq2wl8d5V8twDA==",
      "license": "MIT"
    },
    "node_modules/@lvce-editor/terminal-worker": {
      "version": "1.2.0",
      "resolved": "https://registry.npmjs.org/@lvce-editor/terminal-worker/-/terminal-worker-1.2.0.tgz",
      "integrity": "sha512-bfBsdD4RCKyZnfkiT1Fttl5sssFlQoYVJ+U2uEMILALUjrYeGiXMb4uVxdjh5jNJwmZ4TY5BKgxfvuS8HN0NBw==",
      "license": "MIT"
    },
    "node_modules/@lvce-editor/test-worker": {
      "version": "4.39.0",
      "resolved": "https://registry.npmjs.org/@lvce-editor/test-worker/-/test-worker-4.39.0.tgz",
      "integrity": "sha512-cwwE6B8ZtH4zXxE6NCIS1IMOjmGYxmcSQFcfZEyg/8qkxqKz0oIS7GnIgLBew070wqM8INR1Kx2f+AiqDf0NZg==",
      "license": "MIT"
    },
    "node_modules/@lvce-editor/text-search-worker": {
      "version": "5.5.0",
      "resolved": "https://registry.npmjs.org/@lvce-editor/text-search-worker/-/text-search-worker-5.5.0.tgz",
      "integrity": "sha512-a4wqdtPAn8vGtSTlNft37V7PeQE9L+KX31NjrLTMU/P6QipvJ4HFpaRaZ8kEcevi2GApujEf0JvXvJGGxeVMTA==",
      "license": "MIT"
    },
    "node_modules/@lvce-editor/title-bar-worker": {
      "version": "2.3.0",
      "resolved": "https://registry.npmjs.org/@lvce-editor/title-bar-worker/-/title-bar-worker-2.3.0.tgz",
      "integrity": "sha512-gFpHIw+klICaKsSnyLC0yL2qpU4vmFQvFA769bhEa9NJstWlqwjxIm/gTKOvvYbLDm+/r4XEp1PLp6UIrEGrcA==",
      "license": "MIT"
    },
    "node_modules/@types/node": {
      "version": "24.3.0",
      "resolved": "https://registry.npmjs.org/@types/node/-/node-24.3.0.tgz",
      "integrity": "sha512-aPTXCrfwnDLj4VvXrm+UUCQjNEvJgNA8s5F1cvwQU+3KNltTOkBm1j30uNLyqqPNe7gE3KFzImYoZEfLhp4Yow==",
      "dev": true,
      "license": "MIT",
      "dependencies": {
        "undici-types": "~7.10.0"
      }
    },
    "node_modules/undici-types": {
      "version": "7.10.0",
      "resolved": "https://registry.npmjs.org/undici-types/-/undici-types-7.10.0.tgz",
      "integrity": "sha512-t5Fy/nfn+14LuOc2KNYg75vZqClpAiqscVvMygNnlsHBFpSXdJaYtXMcdNLpl/Qvc3P2cB3s6lOV51nqsFq4ag==",
      "dev": true,
      "license": "MIT"
    }
  }
}
