{
  "name": "@lvce-editor/renderer-worker",
  "version": "0.0.0-dev",
  "lockfileVersion": 3,
  "requires": true,
  "packages": {
    "": {
      "name": "@lvce-editor/renderer-worker",
      "version": "0.0.0-dev",
      "license": "MIT",
      "dependencies": {
        "@lvce-editor/about-view": "^7.13.0",
        "@lvce-editor/activity-bar-worker": "^7.16.1",
        "@lvce-editor/auth-worker": "^3.6.0",
        "@lvce-editor/chat-coordinator-worker": "^5.2.0",
        "@lvce-editor/chat-debug-view": "^11.10.0",
        "@lvce-editor/chat-math-worker": "^1.1.0",
        "@lvce-editor/chat-network-worker": "^4.8.0",
        "@lvce-editor/chat-storage-worker": "^3.9.0",
        "@lvce-editor/chat-tool-worker": "^9.16.0",
        "@lvce-editor/chat-view": "^10.6.0",
        "@lvce-editor/chat-view-model": "^10.6.0",
        "@lvce-editor/clipboard-worker": "^1.23.0",
        "@lvce-editor/color-picker-worker": "^3.9.0",
        "@lvce-editor/completion-worker": "^4.14.0",
        "@lvce-editor/debug-worker": "^4.9.0",
        "@lvce-editor/dialog-worker": "^1.1.2",
        "@lvce-editor/diff-view": "^3.30.0",
        "@lvce-editor/diff-worker": "^3.3.0",
        "@lvce-editor/editor-worker": "^19.26.4",
        "@lvce-editor/embeds-worker": "^4.7.0",
        "@lvce-editor/error-worker": "^3.7.0",
        "@lvce-editor/explorer-view": "^7.18.0",
        "@lvce-editor/extension-detail-view": "^7.24.1",
        "@lvce-editor/extension-host-sub-worker": "^3.14.0",
        "@lvce-editor/extension-host-worker": "^8.70.0",
        "@lvce-editor/extension-management-worker": "^4.45.0",
        "@lvce-editor/extension-search-view": "^7.12.1",
        "@lvce-editor/file-search-worker": "^8.7.0",
        "@lvce-editor/file-system-worker": "^5.11.1",
        "@lvce-editor/find-widget-worker": "^3.10.0",
        "@lvce-editor/hover-worker": "^2.7.0",
        "@lvce-editor/icon-theme-worker": "^2.15.0",
        "@lvce-editor/iframe-inspector": "^2.4.0",
        "@lvce-editor/iframe-worker": "^6.13.0",
        "@lvce-editor/keybindings-view": "^8.8.4",
        "@lvce-editor/language-models-view": "^1.19.0",
        "@lvce-editor/main-area-worker": "^9.32.4",
        "@lvce-editor/markdown-worker": "^4.8.0",
        "@lvce-editor/menu-worker": "^4.11.0",
        "@lvce-editor/opener-worker": "^1.13.0",
        "@lvce-editor/output-view": "^2.10.0",
        "@lvce-editor/panel-worker": "^2.3.2",
        "@lvce-editor/preview-sandbox-worker": "^4.7.0",
        "@lvce-editor/preview-worker": "^6.9.0",
        "@lvce-editor/problems-view": "^1.25.4",
        "@lvce-editor/process-explorer-worker": "^3.12.1",
        "@lvce-editor/quick-pick-worker": "^4.5.2",
        "@lvce-editor/references-view": "^2.11.0",
        "@lvce-editor/rename-worker": "^1.33.0",
        "@lvce-editor/renderer-process": "^30.17.1",
        "@lvce-editor/running-extensions-view": "^1.16.0",
        "@lvce-editor/settings-view": "^2.16.0",
        "@lvce-editor/settings-worker": "^1.8.0",
        "@lvce-editor/simple-browser-view": "^2.8.0",
        "@lvce-editor/source-action-worker": "^1.12.0",
        "@lvce-editor/source-control-worker": "^3.7.0",
        "@lvce-editor/status-bar-worker": "^3.9.2",
        "@lvce-editor/syntax-highlighting-worker": "^2.4.3",
        "@lvce-editor/terminal-worker": "^2.4.0",
        "@lvce-editor/test-worker": "^17.8.0",
        "@lvce-editor/text-measurement-worker": "^1.19.0",
        "@lvce-editor/text-search-view": "^1.5.0",
        "@lvce-editor/text-search-worker": "^7.9.0",
        "@lvce-editor/title-bar-worker": "^4.13.0",
        "@lvce-editor/update-worker": "^2.10.0"
      },
      "devDependencies": {
        "@lvce-editor/blob-worker": "^1.7.0",
        "@lvce-editor/chat-message-parsing-worker": "^1.8.0",
        "@types/node": "^26.1.1",
        "@vscode/codicons": "^0.0.45"
      }
    },
    "node_modules/@lvce-editor/about-view": {
      "version": "7.14.0",
      "resolved": "https://registry.npmjs.org/@lvce-editor/about-view/-/about-view-7.14.0.tgz",
      "integrity": "sha512-EZeV5Xc7AEzR3mlbPX0sqTyLnEEEFb8sVNXhvdvcJdwpxKf1bcC9q6Cgs7Ge0sM3d2Q0pEECKNRbCOElc1FKzw==",
      "license": "MIT"
    },
    "node_modules/@lvce-editor/activity-bar-worker": {
      "version": "7.16.1",
      "resolved": "https://registry.npmjs.org/@lvce-editor/activity-bar-worker/-/activity-bar-worker-7.16.1.tgz",
      "integrity": "sha512-YHzlNfS0SQb/DU1yhyp+0twRTTo3O97XsBGibxH3kJ8SkmSu4VGp+PtzmKqW7ui3+kuV7z2kexlDZ5CxbJM1dw==",
      "license": "MIT"
    },
    "node_modules/@lvce-editor/auth-worker": {
      "version": "3.6.0",
      "resolved": "https://registry.npmjs.org/@lvce-editor/auth-worker/-/auth-worker-3.6.0.tgz",
      "integrity": "sha512-sEWCnsiDJ8sUt4+o1Nz8HUG/S02nXQCpSw7PKqUEmEFB/AaGXQ+YB2Zp2Q+oH8KZlnuLA9uyGipklFOyImhcNQ==",
      "license": "MIT"
    },
    "node_modules/@lvce-editor/blob-worker": {
      "version": "1.7.0",
      "resolved": "https://registry.npmjs.org/@lvce-editor/blob-worker/-/blob-worker-1.7.0.tgz",
      "integrity": "sha512-0KBYW4SkGnu/vE09TlXUfcfsxRGh46hOQLGjd9j6xCj9MCBFsp9gYetBIl5GqRTFrKT9AeHBI9Nv8W4OsqIMbQ==",
      "dev": true,
      "license": "MIT"
    },
    "node_modules/@lvce-editor/chat-coordinator-worker": {
      "version": "5.2.0",
      "resolved": "https://registry.npmjs.org/@lvce-editor/chat-coordinator-worker/-/chat-coordinator-worker-5.2.0.tgz",
      "integrity": "sha512-eyaVPbWQAAyVfKUIEEBHugBl4NUvSqxHzvXPG6T6UDrLCp5f84GwqWNxhGrhOu7aMEmcLpM4wS10vcwAnT0SVg==",
      "license": "MIT"
    },
    "node_modules/@lvce-editor/chat-debug-view": {
      "version": "11.10.0",
      "resolved": "https://registry.npmjs.org/@lvce-editor/chat-debug-view/-/chat-debug-view-11.10.0.tgz",
      "integrity": "sha512-VUwnXCVIod6a6CzdO3rphGQAq5M3YR3x9vr/l562yv/yy7ZOd9EKRk5q1xJ5uGs1cwnp+5FgLuo32HbnEIVQXw==",
      "license": "MIT"
    },
    "node_modules/@lvce-editor/chat-math-worker": {
      "version": "1.1.0",
      "resolved": "https://registry.npmjs.org/@lvce-editor/chat-math-worker/-/chat-math-worker-1.1.0.tgz",
      "integrity": "sha512-kyaXgZbuj7DnkPjIU+oeXu+IB8Bll3VDrLE8dKAfepSobTOFB590BqP9J3Kqx+o3Ho8PL6uOR+v9irI8nfeXeA==",
      "license": "MIT"
    },
    "node_modules/@lvce-editor/chat-message-parsing-worker": {
      "version": "1.8.0",
      "resolved": "https://registry.npmjs.org/@lvce-editor/chat-message-parsing-worker/-/chat-message-parsing-worker-1.8.0.tgz",
      "integrity": "sha512-nLNlczNvsZuZrdLV4PP+7ZAlE8p3LYZYB2BkMwrlpvaxgH3EV1r0qCfmgLpl1VNKdxuPOK7F4B8QqWUKe5AdLg==",
      "dev": true,
      "license": "MIT"
    },
    "node_modules/@lvce-editor/chat-network-worker": {
      "version": "4.8.0",
      "resolved": "https://registry.npmjs.org/@lvce-editor/chat-network-worker/-/chat-network-worker-4.8.0.tgz",
      "integrity": "sha512-1243QAHaGGbRW9kGL3S9MhI3lqnmN+m0jPF1Ua7dRibzjMU2A33Mo/Mj17iIDvmnQ5kbv1Dx3EPuyoBUxSFYUg==",
      "license": "MIT"
    },
    "node_modules/@lvce-editor/chat-storage-worker": {
      "version": "3.9.0",
      "resolved": "https://registry.npmjs.org/@lvce-editor/chat-storage-worker/-/chat-storage-worker-3.9.0.tgz",
      "integrity": "sha512-+a6U2l/kgLXL7m+rNpCAfWC0i9hYVwem3JUS1xKzqaaXoo3PyX+nNs+Nl2pdMijens0VYAz3H2I7EuAKD2FRog==",
      "license": "MIT"
    },
    "node_modules/@lvce-editor/chat-tool-worker": {
      "version": "9.16.0",
      "resolved": "https://registry.npmjs.org/@lvce-editor/chat-tool-worker/-/chat-tool-worker-9.16.0.tgz",
      "integrity": "sha512-DBcER/GRJwHlecotsJjSjz2lhjC7q+5/MJ/LFfTpQywHzgOdYp2xz/wTvmJdgxKJ6T3BaqrPZQev4S4B5xgq/w==",
      "license": "MIT"
    },
    "node_modules/@lvce-editor/chat-view": {
      "version": "10.6.0",
      "resolved": "https://registry.npmjs.org/@lvce-editor/chat-view/-/chat-view-10.6.0.tgz",
      "integrity": "sha512-6ZEUiT3ql5kw0Q/v0XRD84Oj/KPWz+wuFL8QvvmGZNnxjKbnRv4JLLUKtcbsHnqGN8MFTR2EO5h9oJF9NY5Umw==",
      "license": "MIT"
    },
    "node_modules/@lvce-editor/chat-view-model": {
      "version": "10.6.0",
      "resolved": "https://registry.npmjs.org/@lvce-editor/chat-view-model/-/chat-view-model-10.6.0.tgz",
      "integrity": "sha512-sl/YD3kHC6c5br1RnNApNWH/GHc10Ico8IKMkPl1wx9g1/8ldY3SQGLz4lo07IGEiUB2o7Kt1Rk55N86C1jbqA==",
      "license": "MIT"
    },
    "node_modules/@lvce-editor/clipboard-worker": {
      "version": "1.23.0",
      "resolved": "https://registry.npmjs.org/@lvce-editor/clipboard-worker/-/clipboard-worker-1.23.0.tgz",
      "integrity": "sha512-O8MOIrBkGa4jisA/yNcSdrYX9F2AhFhjxi3Ni9H5VIOfqCrmZN7tQMspibbCTYMmdQXBn3kopceFkTrCi2keDQ==",
      "license": "MIT"
    },
    "node_modules/@lvce-editor/color-picker-worker": {
      "version": "3.9.0",
      "resolved": "https://registry.npmjs.org/@lvce-editor/color-picker-worker/-/color-picker-worker-3.9.0.tgz",
      "integrity": "sha512-iVNndwsSfH1eyNho2EureSAGIWkcuQKmdnoUSdSPCgjug3Rd/30D3f/b3CokUOb6dIXioXddagRShrPRhyf51A==",
      "license": "MIT"
    },
    "node_modules/@lvce-editor/completion-worker": {
      "version": "4.14.0",
      "resolved": "https://registry.npmjs.org/@lvce-editor/completion-worker/-/completion-worker-4.14.0.tgz",
      "integrity": "sha512-pC5wGx+jnHWTeMA6+2F/6ixzymyYlFUjimEitXUWjOUgIFiWxx8UqYmeirYiUURXbP85P2MlhtdhP1UywJ8ZkQ==",
      "license": "MIT"
    },
    "node_modules/@lvce-editor/constants": {
      "version": "2.10.0",
      "resolved": "https://registry.npmjs.org/@lvce-editor/constants/-/constants-2.10.0.tgz",
      "integrity": "sha512-JZ2hu1ZUaMQDsAi3b1E1CYzHsTlLaPO8htYzH5gvN11sLkUPyI51BlP3yZOOs9tlwJa0itN5Wy2utPyiy+NscQ==",
      "license": "MIT"
    },
    "node_modules/@lvce-editor/debug-worker": {
      "version": "4.9.0",
      "resolved": "https://registry.npmjs.org/@lvce-editor/debug-worker/-/debug-worker-4.9.0.tgz",
      "integrity": "sha512-rEaaV06cuoDBFEzgEnUe+7R30JVTvZjxCdsZ+XHty7p0TqcrzEYMb2HwY0+wtrloJ78Vp39kZ3Lp2HWA+xdmBQ==",
      "license": "MIT"
    },
    "node_modules/@lvce-editor/dialog-worker": {
      "version": "1.1.2",
      "resolved": "https://registry.npmjs.org/@lvce-editor/dialog-worker/-/dialog-worker-1.1.2.tgz",
      "integrity": "sha512-tWJ9L5XQZUt8WuoMT0xlmj4EJ/y7pHJn5y9qzZMyUlYIQIosfh6plfMZbi37RzmU4Ai6baVeTXGHsQw7N/BfBQ==",
      "license": "MIT"
    },
    "node_modules/@lvce-editor/diff-view": {
      "version": "3.30.0",
      "resolved": "https://registry.npmjs.org/@lvce-editor/diff-view/-/diff-view-3.30.0.tgz",
      "integrity": "sha512-PLldfXHCUTtVK4LKhCsTh6cP8iDrMpOwFYeqw5/lukKdrv413rrmV9zPiIS9KFh0C9aMX9xUBeV0X6LxSpAN+Q==",
      "license": "MIT"
    },
    "node_modules/@lvce-editor/diff-worker": {
      "version": "3.3.0",
      "resolved": "https://registry.npmjs.org/@lvce-editor/diff-worker/-/diff-worker-3.3.0.tgz",
      "integrity": "sha512-VlT6R8WjN6VoWUeC2xDDlmzu7IBdPmV8iKY675OtNAZE+D8gxQEG7Ao7k0u/gpexhF89eZuOmv9x4OucWAGbjQ==",
      "license": "MIT"
    },
    "node_modules/@lvce-editor/editor-worker": {
      "version": "19.26.4",
      "resolved": "https://registry.npmjs.org/@lvce-editor/editor-worker/-/editor-worker-19.26.4.tgz",
      "integrity": "sha512-BQ8jLiqVXGbUN3hLHiXfc2ekCyu16kmKGXR/hb07rmf/6F225qwoACsCrNN2pJ4TNmZPbjrkTP/Hyq6YK/iIzA==",
      "license": "MIT"
    },
    "node_modules/@lvce-editor/embeds-worker": {
      "version": "4.7.0",
      "resolved": "https://registry.npmjs.org/@lvce-editor/embeds-worker/-/embeds-worker-4.7.0.tgz",
      "integrity": "sha512-7FfoFnHfAFQSVu6SDm1DBOfEsXl6X42EX0Y2O9G6lyxjMzL4rk8Qu6gCrs6U4dq7tRiDDQhyb/+zxCdbDLyaTg==",
      "license": "MIT"
    },
    "node_modules/@lvce-editor/error-worker": {
      "version": "3.7.0",
      "resolved": "https://registry.npmjs.org/@lvce-editor/error-worker/-/error-worker-3.7.0.tgz",
      "integrity": "sha512-Kqm7szhKW/Yma2EMKd2wDh7EYGYi46OZZ5+CG3LHAuSwfLohXafPoQKP+WpRxlfywxqhMuxn4fxvbeSH0SRYew==",
      "license": "MIT"
    },
    "node_modules/@lvce-editor/explorer-view": {
      "version": "7.18.0",
      "resolved": "https://registry.npmjs.org/@lvce-editor/explorer-view/-/explorer-view-7.18.0.tgz",
      "integrity": "sha512-QgfOchflewJabIrOwrWtyjzFEAE3DDCKXpYB5ElilXR+aCImg4FI1IuCoq7A//0INkDCMVmqEBXz3K3kDYcfAA==",
      "license": "MIT"
    },
    "node_modules/@lvce-editor/extension-detail-view": {
      "version": "7.24.1",
      "resolved": "https://registry.npmjs.org/@lvce-editor/extension-detail-view/-/extension-detail-view-7.24.1.tgz",
      "integrity": "sha512-I3BPYAerUM86Q3lO0uQysPBQCXEkvNbOUNruF/oQ5eZuALpoBbWU33Zb1TAT0fAZg4CCMpd14F1AOvfYhYvzPA==",
      "license": "MIT"
    },
    "node_modules/@lvce-editor/extension-host-sub-worker": {
      "version": "3.14.0",
      "resolved": "https://registry.npmjs.org/@lvce-editor/extension-host-sub-worker/-/extension-host-sub-worker-3.14.0.tgz",
      "integrity": "sha512-hMHJWTi/WqGN0vHqxuq3Cb0Ni2JMNqUQfZQ1j/m4bwHkZGLpmBXehFGRM7WysCpVoCIFVMtxcUmoOgL2r9TVfQ==",
      "license": "MIT",
      "engines": {
        "node": ">=18"
      }
    },
    "node_modules/@lvce-editor/extension-host-worker": {
      "version": "8.70.0",
      "resolved": "https://registry.npmjs.org/@lvce-editor/extension-host-worker/-/extension-host-worker-8.70.0.tgz",
      "integrity": "sha512-wPoqwtZ0QQXZtH8W8DSR21nsfq+bAcgJmlgqcMN4EcGSDSIgP88AqEX+Mh+XEYdFm5tJ35gY7IteEBNehdGFXw==",
      "license": "MIT",
      "dependencies": {
        "@lvce-editor/virtual-dom-worker": "^11.0.0"
      }
    },
    "node_modules/@lvce-editor/extension-management-worker": {
      "version": "4.45.0",
      "resolved": "https://registry.npmjs.org/@lvce-editor/extension-management-worker/-/extension-management-worker-4.45.0.tgz",
      "integrity": "sha512-rkFtKi9ds0H69XepEVfVMJsGcPgiG6pZzBnmnPsCtR5xbkG61IyId/UF1nnDNmmyW3y8/yzl32qBiFr/pLJ6hw==",
      "license": "MIT"
    },
    "node_modules/@lvce-editor/extension-search-view": {
      "version": "7.12.1",
      "resolved": "https://registry.npmjs.org/@lvce-editor/extension-search-view/-/extension-search-view-7.12.1.tgz",
      "integrity": "sha512-2Uai/EMTPOV4aWk1SYCSzhQhxl77QGseDRe0vmpCym0oDnVPoXjaVQPw9JR5Fu6fgJmpKcHPD2VDzoz1j3AlFQ==",
      "license": "MIT"
    },
    "node_modules/@lvce-editor/file-search-worker": {
      "version": "8.7.0",
      "resolved": "https://registry.npmjs.org/@lvce-editor/file-search-worker/-/file-search-worker-8.7.0.tgz",
      "integrity": "sha512-BbqWDsp6xfkwBeCT42IyZYqrlyniqiDeJHCnAvAeqFZPMdBK5UGlteKhPZCJVfv6KUNnOWMILVCfXhOXxCXAoQ==",
      "license": "MIT"
    },
    "node_modules/@lvce-editor/file-system-worker": {
      "version": "5.11.1",
      "resolved": "https://registry.npmjs.org/@lvce-editor/file-system-worker/-/file-system-worker-5.11.1.tgz",
      "integrity": "sha512-fnkT+mWiEssTDaHDP0ItyG3T56sJu2RzI5715nXPb86A103650khmaPDKwtcABtXWdiCk46Pk1Z2S/HiKoszkg==",
      "license": "MIT"
    },
    "node_modules/@lvce-editor/find-widget-worker": {
      "version": "3.10.0",
      "resolved": "https://registry.npmjs.org/@lvce-editor/find-widget-worker/-/find-widget-worker-3.10.0.tgz",
      "integrity": "sha512-jWHA1qJrkOjEIFOuIksSIierHD9gKgx/L+2PEt+3N85qaZVhvzHvtdIpZ0zpCQ4Kgx+iGamHsei5g+oqHJqUDA==",
      "license": "MIT"
    },
    "node_modules/@lvce-editor/hover-worker": {
      "version": "2.7.0",
      "resolved": "https://registry.npmjs.org/@lvce-editor/hover-worker/-/hover-worker-2.7.0.tgz",
      "integrity": "sha512-sgMRq0iQWmdkrOV8vUr8JGpzO75PF9D3oXbFDKkhyn4GfwpnGA9zNJEajbTaroHazyZVg1ZHbIN0BgTv1jnsqw==",
      "license": "MIT"
    },
    "node_modules/@lvce-editor/icon-theme-worker": {
      "version": "2.15.0",
      "resolved": "https://registry.npmjs.org/@lvce-editor/icon-theme-worker/-/icon-theme-worker-2.15.0.tgz",
      "integrity": "sha512-hQo3VQ1x7ZV6NKuIwg660Q2pm064i/x2VxsdTo6oIKLDvrHDxch/GAenecKP4DCTlozIxZE5mS6NK3s8Yvn3Hw==",
      "license": "MIT"
    },
    "node_modules/@lvce-editor/iframe-inspector": {
      "version": "2.4.0",
      "resolved": "https://registry.npmjs.org/@lvce-editor/iframe-inspector/-/iframe-inspector-2.4.0.tgz",
      "integrity": "sha512-3HwKZ6T1sxpb1DBgHoHdCPD6TtqcgC6iOP9+yU1q5xWwcxSgwGcYmoVzzrvRJBN5ph8X1Mhr9c0roYe80Od4Mw==",
      "license": "MIT"
    },
    "node_modules/@lvce-editor/iframe-worker": {
      "version": "6.13.0",
      "resolved": "https://registry.npmjs.org/@lvce-editor/iframe-worker/-/iframe-worker-6.13.0.tgz",
      "integrity": "sha512-TidpyGZ3EG6nKgzm+Y448O7eBz4XvfsyOdOVKtNM4VYYYKihQHBShW+SjRsOvDkt0kwkZ0qKRCTShk7JGHtYnA==",
      "license": "MIT"
    },
    "node_modules/@lvce-editor/keybindings-view": {
      "version": "8.8.4",
      "resolved": "https://registry.npmjs.org/@lvce-editor/keybindings-view/-/keybindings-view-8.8.4.tgz",
      "integrity": "sha512-zjM3udUErozFkJTvo2takl2HgL3zkwiCmoijGtgP+05f4p+2l1r80WkGtFiGv0EviXr6iKs2IAM7HvB1/JwMGg==",
      "license": "MIT"
    },
    "node_modules/@lvce-editor/language-models-view": {
      "version": "1.19.0",
      "resolved": "https://registry.npmjs.org/@lvce-editor/language-models-view/-/language-models-view-1.19.0.tgz",
      "integrity": "sha512-DLOmghZ/35EKhsu5XPhKXPUlY9EpNwRgZ4P+1S8qxefLaIySw5UazFNuS5VGwiwpuWmFDkkB4f+P2T2jaklYtQ==",
      "license": "MIT"
    },
    "node_modules/@lvce-editor/main-area-worker": {
      "version": "9.32.4",
      "resolved": "https://registry.npmjs.org/@lvce-editor/main-area-worker/-/main-area-worker-9.32.4.tgz",
      "integrity": "sha512-bu72B+V82LClvlt4hq2Q1kOLEDxhL1BNUKRGs+0HfFhwWPcKhw+t7yIM5OBCWFRNLt8VRQM2DeXoys8zUca/dg==",
      "license": "MIT"
    },
    "node_modules/@lvce-editor/markdown-worker": {
      "version": "4.8.0",
      "resolved": "https://registry.npmjs.org/@lvce-editor/markdown-worker/-/markdown-worker-4.8.0.tgz",
      "integrity": "sha512-Hoi8dFvQANLSmR9P+iMNK9Ww/Ql4pgXGWz9YGMnkoihNdu7z3Qxf2/XJxMEKpSCfpznuGeJxgC2aBn8CxHV/LQ==",
      "license": "MIT"
    },
    "node_modules/@lvce-editor/menu-worker": {
      "version": "4.11.0",
      "resolved": "https://registry.npmjs.org/@lvce-editor/menu-worker/-/menu-worker-4.11.0.tgz",
      "integrity": "sha512-R4pTo0waiZwIidxPBw8G4K+hS0DXNRlL6IJ/f2u5Cyz6cMmTdjrACP5l47Gg9x0etK0XeaVPDBosqYxu6DWvAg==",
      "license": "MIT"
    },
    "node_modules/@lvce-editor/opener-worker": {
      "version": "1.13.0",
      "resolved": "https://registry.npmjs.org/@lvce-editor/opener-worker/-/opener-worker-1.13.0.tgz",
      "integrity": "sha512-2ACNsYc8nX/A3kuxYjoMf2wwPQqItJ9Je7jiOM8Cj1gLx0+vBtgS4Rmg+Ll2ejREAH58GD74NKl8xfVlCfbXTQ==",
      "license": "MIT"
    },
    "node_modules/@lvce-editor/output-view": {
      "version": "2.10.0",
      "resolved": "https://registry.npmjs.org/@lvce-editor/output-view/-/output-view-2.10.0.tgz",
      "integrity": "sha512-/16a+F7e5IzrNr8zH60WgdP5VekH/ysXHYGERhzbCjtAmsTIXG4Dul5uunaNXVxquDICotESitm26x9zleSLGA==",
      "license": "MIT"
    },
    "node_modules/@lvce-editor/panel-worker": {
      "version": "2.3.2",
      "resolved": "https://registry.npmjs.org/@lvce-editor/panel-worker/-/panel-worker-2.3.2.tgz",
      "integrity": "sha512-DLIpZMMdXsXsg/Ns2d6Wogq4+4mwlnnfaTWRYBsux/+imxhNTYyUnEFrPHZ/4HYe8E2bd314RS0/TQj1VbGXZg==",
      "license": "MIT"
    },
    "node_modules/@lvce-editor/preview-sandbox-worker": {
      "version": "4.7.0",
      "resolved": "https://registry.npmjs.org/@lvce-editor/preview-sandbox-worker/-/preview-sandbox-worker-4.7.0.tgz",
      "integrity": "sha512-LFdtD+ii6n5RPBywXqLRAigoDNbvNirQ9ziRQdOgYsW9EjGCCcNIiYKmvZ3FiRQWPf6yQeDaADHcCZDiGhcTsQ==",
      "license": "MIT"
    },
    "node_modules/@lvce-editor/preview-worker": {
      "version": "6.9.0",
      "resolved": "https://registry.npmjs.org/@lvce-editor/preview-worker/-/preview-worker-6.9.0.tgz",
      "integrity": "sha512-LRKm+96uzS1aWLy597k8A+xDrBMD4J6e631HD382/pPgK/HeGs071EGkD/5BWzKLBgcV6w8Dh52hWUJjEkvhMA==",
      "license": "MIT"
    },
    "node_modules/@lvce-editor/problems-view": {
      "version": "1.25.4",
      "resolved": "https://registry.npmjs.org/@lvce-editor/problems-view/-/problems-view-1.25.4.tgz",
      "integrity": "sha512-d1eGh8jMn8s4gmGY575Hz4Q/88ai0F6S2Lh1N7ynVTKLFE5hw6vwSQIL2Q/sus7azKI3AI0sb9bC63RawyxYHA==",
      "license": "MIT"
    },
    "node_modules/@lvce-editor/process-explorer-worker": {
      "version": "3.12.1",
      "resolved": "https://registry.npmjs.org/@lvce-editor/process-explorer-worker/-/process-explorer-worker-3.12.1.tgz",
      "integrity": "sha512-uNifCg5hhEWLaJkLz3+jda0jGUjbOKtEh2FVQJUI2PB1JmL6GRINMJioUkmeqG6tgh/9LmXLxJgF1smT0o2yCw==",
      "license": "MIT"
    },
    "node_modules/@lvce-editor/quick-pick-worker": {
      "version": "4.5.2",
      "resolved": "https://registry.npmjs.org/@lvce-editor/quick-pick-worker/-/quick-pick-worker-4.5.2.tgz",
      "integrity": "sha512-atPl+/Bet8GqLtXwqpVFNZr9uXNPWyp2435LRLrMrNiG8zfXfDFD4y9BPnWLQQYBUftnwD0A88WAp6Akb5thsg==",
      "license": "MIT"
    },
    "node_modules/@lvce-editor/references-view": {
      "version": "2.11.0",
      "resolved": "https://registry.npmjs.org/@lvce-editor/references-view/-/references-view-2.11.0.tgz",
      "integrity": "sha512-EqRn3eLufAGhrNOlM8MbytBIgO4i9dl4hvVP2eB5jNzCuUQ4pB+QUlrZLZ5JpXQYS0Tg4LOnk7Acw4+6YqHNww==",
      "license": "MIT"
    },
    "node_modules/@lvce-editor/rename-worker": {
      "version": "1.33.0",
      "resolved": "https://registry.npmjs.org/@lvce-editor/rename-worker/-/rename-worker-1.33.0.tgz",
      "integrity": "sha512-+7Pylw3pzT+ezTyhQP+YdFPEE/eJ6GxMG5IbIvsNwsZ4Toa9ONJMjqT4qnmdAphz4v2sulScRYyI9PMNRExODQ==",
      "license": "MIT"
    },
    "node_modules/@lvce-editor/renderer-process": {
      "version": "30.18.0",
      "resolved": "https://registry.npmjs.org/@lvce-editor/renderer-process/-/renderer-process-30.18.0.tgz",
      "integrity": "sha512-/2y3Cj/gobpQRLkQRzGdx4GO4dfWNNR8FqJXqhcSw6Xf3AaIYa4lRMCTHRCh0tgAqbQJ5KCMvxdGA6qSdeYjLw==",
      "license": "MIT"
    },
    "node_modules/@lvce-editor/running-extensions-view": {
      "version": "1.17.0",
      "resolved": "https://registry.npmjs.org/@lvce-editor/running-extensions-view/-/running-extensions-view-1.17.0.tgz",
      "integrity": "sha512-V44EFoq6Zvqthivgxv4sNPBt5H5UdalbccjvCueCCrIKQ7NTZRj18Hs0+oMl39//ej+3O5gTyFxLg6fe8j0gJA==",
      "license": "MIT"
    },
    "node_modules/@lvce-editor/settings-view": {
      "version": "2.16.0",
      "resolved": "https://registry.npmjs.org/@lvce-editor/settings-view/-/settings-view-2.16.0.tgz",
      "integrity": "sha512-lYo0f8Rfw+O8h5QYjYnzSBIRPyb7z6xpYP7QzdNCjBhxCA1aKORlN80uk4anYDo5r2aRvDfrAJ1Xsn07QIrT5g==",
      "license": "MIT",
      "dependencies": {
        "@lvce-editor/constants": "^2.8.0"
      }
    },
    "node_modules/@lvce-editor/settings-worker": {
      "version": "1.8.0",
      "resolved": "https://registry.npmjs.org/@lvce-editor/settings-worker/-/settings-worker-1.8.0.tgz",
      "integrity": "sha512-m9NvsxW4UnvtNP0eX1xURCTV0gyyHWb3wMiATfGh+X0HcfD+BjuF/i1nQX9E4ELRcARucx4iDgOEHZ6i3omeeg==",
      "license": "MIT"
    },
    "node_modules/@lvce-editor/simple-browser-view": {
      "version": "2.9.0",
      "resolved": "https://registry.npmjs.org/@lvce-editor/simple-browser-view/-/simple-browser-view-2.9.0.tgz",
      "integrity": "sha512-zZHiANsBEk4xXJcrP4pjoNDzIkezgIPnUAjXkf9aDMferHIlHEilZTMmDWncaErVOf5I5Lwo4iZVUqkyr30cxA==",
      "license": "MIT"
    },
    "node_modules/@lvce-editor/source-action-worker": {
      "version": "1.12.0",
      "resolved": "https://registry.npmjs.org/@lvce-editor/source-action-worker/-/source-action-worker-1.12.0.tgz",
      "integrity": "sha512-JDmPAAiYs94reprAaHIFlXVJIGXFI2/j1JlxISh+6RjJ91nRMxOCzdO8fhhAD0W+hcxLxt0mO1N5cooK4rN3bg==",
      "license": "MIT"
    },
    "node_modules/@lvce-editor/source-control-worker": {
      "version": "3.7.0",
      "resolved": "https://registry.npmjs.org/@lvce-editor/source-control-worker/-/source-control-worker-3.7.0.tgz",
      "integrity": "sha512-q9c66/lrglbJEbalRpWQsMyg07azkgpLrmlk3FdVokOuRUzWBF2s7m6v/0b7DKIz+bIw4gIRYiD4b82vHVPhcw==",
      "license": "MIT"
    },
    "node_modules/@lvce-editor/status-bar-worker": {
      "version": "3.9.2",
      "resolved": "https://registry.npmjs.org/@lvce-editor/status-bar-worker/-/status-bar-worker-3.9.2.tgz",
      "integrity": "sha512-w1JvKrdlmrjuhTQAB+yqe4Og4KV4o3PNxJPCe2Fvajq78cHuOPzL2xxGCRREh5enopsoOL6ggDTmuAIeqbqeyQ==",
      "license": "MIT"
    },
    "node_modules/@lvce-editor/syntax-highlighting-worker": {
      "version": "2.4.3",
      "resolved": "https://registry.npmjs.org/@lvce-editor/syntax-highlighting-worker/-/syntax-highlighting-worker-2.4.3.tgz",
      "integrity": "sha512-a7TgWtZ/RRTI2yCAlFY8GLIYajcTPDZy9Ti5BgXWjo6PHMylcG9vrcWcY3pNxf2X97RkEkYY+CR7VVMWdRr4mw==",
      "license": "MIT"
    },
    "node_modules/@lvce-editor/terminal-worker": {
      "version": "2.4.0",
      "resolved": "https://registry.npmjs.org/@lvce-editor/terminal-worker/-/terminal-worker-2.4.0.tgz",
      "integrity": "sha512-a4d4rocQ8rqPVLL41CttuhzyBgPbWATnhfmBZJX3ZvVcIoktyiSqdzIY/1tg58T8ulovFarW2BBES/Ecq1/MQQ==",
      "license": "MIT"
    },
    "node_modules/@lvce-editor/test-worker": {
      "version": "17.8.0",
      "resolved": "https://registry.npmjs.org/@lvce-editor/test-worker/-/test-worker-17.8.0.tgz",
      "integrity": "sha512-u1XyQG/7QsVq2xaEmwGOTgYtysOjpweWNsi/YNboyT/Imq7sWjwZT4g+hGr5PYMWzNgMlqOg+YfrDrgUQWlAFw==",
      "license": "MIT"
    },
    "node_modules/@lvce-editor/text-measurement-worker": {
      "version": "1.19.0",
      "resolved": "https://registry.npmjs.org/@lvce-editor/text-measurement-worker/-/text-measurement-worker-1.19.0.tgz",
      "integrity": "sha512-h61ydEhIFfWgF/+o9ZErFfPxtskMRz3vVXfuKAmnI4JZdrzVClftoijv6GOrfyH8JSuDQskGYY6AjfqZmg0CjQ==",
      "license": "MIT"
    },
    "node_modules/@lvce-editor/text-search-view": {
      "version": "1.5.0",
      "resolved": "https://registry.npmjs.org/@lvce-editor/text-search-view/-/text-search-view-1.5.0.tgz",
      "integrity": "sha512-XMaZ3rCgfclBQloN+2oUHi7gpFA9PFnVstfNjByIWRz7kcs25OQy0jNbGT9OA4FDIRKUcGjPXdwYK2T3mxIE/w==",
      "license": "MIT"
    },
    "node_modules/@lvce-editor/text-search-worker": {
      "version": "7.9.0",
      "resolved": "https://registry.npmjs.org/@lvce-editor/text-search-worker/-/text-search-worker-7.9.0.tgz",
      "integrity": "sha512-RAF0unvhI99hXuShMGl7ZjDUWudUpv+N85cj1Oa+YxCOo7NBO9U7jNDIcwIWzoiWumaOgabHxHzbXiI/0UOviQ==",
      "license": "MIT"
    },
    "node_modules/@lvce-editor/title-bar-worker": {
      "version": "4.13.0",
      "resolved": "https://registry.npmjs.org/@lvce-editor/title-bar-worker/-/title-bar-worker-4.13.0.tgz",
      "integrity": "sha512-0DWWSE7Ir2I2beLq75vfpJlnf1YkpvNyvdstS7DZeppSETQN1PXdIXawmzHuqB/ojl5L98ccOATUX2Z4efx1ig==",
      "license": "MIT"
    },
    "node_modules/@lvce-editor/update-worker": {
      "version": "2.10.0",
      "resolved": "https://registry.npmjs.org/@lvce-editor/update-worker/-/update-worker-2.10.0.tgz",
      "integrity": "sha512-0zwBNPyxJWW9w4DwRSEwb6uyhVFF69BxheaoWYcSmdveADj2lhIVv/28vuP67fFw3sgAsBgleNwSJmefLJDTpQ==",
      "license": "MIT"
    },
    "node_modules/@lvce-editor/virtual-dom-worker": {
      "version": "11.10.0",
      "resolved": "https://registry.npmjs.org/@lvce-editor/virtual-dom-worker/-/virtual-dom-worker-11.10.0.tgz",
      "integrity": "sha512-FzaooN0c493XLLo366G8imLs+R7A5xcJQF8JN/uoXewjHUDUgR08R6XYQFs5f8DXxrKj0VdEqlHN4+FFBu564w==",
      "license": "MIT",
      "dependencies": {
        "@lvce-editor/constants": "^5.23.0"
      }
    },
    "node_modules/@lvce-editor/virtual-dom-worker/node_modules/@lvce-editor/constants": {
      "version": "5.23.0",
      "resolved": "https://registry.npmjs.org/@lvce-editor/constants/-/constants-5.23.0.tgz",
      "integrity": "sha512-hjkqo7QLQl7pL2c+rH54q0/8dSpKDSfF6/3BvBAS2NsSpvtCnab3Ew4bhVyMJrw1c9RnwcC2pmy6iDPtPpz0IQ==",
      "license": "MIT"
    },
    "node_modules/@types/node": {
      "version": "26.1.2",
      "resolved": "https://registry.npmjs.org/@types/node/-/node-26.1.2.tgz",
      "integrity": "sha512-Vu4a5UFA9rIIFJ7rB/Vaafh9lrCQszopTCx6KjFboXTGQbPNasehVR5TEiithSDGyd1DEiUByggTZsg8jukeIg==",
      "dev": true,
      "license": "MIT",
      "dependencies": {
        "undici-types": "~8.3.0"
      }
    },
    "node_modules/@vscode/codicons": {
      "version": "0.0.45",
      "resolved": "https://registry.npmjs.org/@vscode/codicons/-/codicons-0.0.45.tgz",
      "integrity": "sha512-1KAZ7XCMagp5Gdrlr4bbbcAqgcIL623iO1wW6rfcSVGAVUQvR0WP7bQx1SbJ11gmV3fdQTSEFIJQ/5C+HuVasw==",
      "dev": true,
      "license": "CC-BY-4.0"
    },
    "node_modules/undici-types": {
      "version": "8.3.0",
      "resolved": "https://registry.npmjs.org/undici-types/-/undici-types-8.3.0.tgz",
      "integrity": "sha512-j375ScV60dom+YkPFIfTLcOiPxkN/buHz5GobjLhixFuANaNs3C9l4GmrWqejgXWJ7BbJcFYpTEUkS1Ge8bpZQ==",
      "dev": true,
      "license": "MIT"
    }
  }
}
