{
  "name": "@lvce-editor/renderer-worker",
  "version": "0.0.0-dev",
  "lockfileVersion": 3,
  "requires": true,
  "packages": {
    "": {
      "name": "@lvce-editor/renderer-worker",
      "version": "0.0.0-dev",
      "license": "MIT",
      "dependencies": {
        "@lvce-editor/about-view": "^2.0.0",
        "@lvce-editor/diff-worker": "^1.4.0",
        "@lvce-editor/editor-worker": "^5.9.0",
        "@lvce-editor/extension-detail-view": "^1.1.0",
        "@lvce-editor/extension-host-worker": "^1.12.0",
        "@lvce-editor/extension-search-view": "^1.3.0",
        "@lvce-editor/file-search-worker": "^2.3.0",
        "@lvce-editor/iframe-worker": "^3.0.0",
        "@lvce-editor/keybindings-view": "^2.0.0",
        "@lvce-editor/renderer-process": "^10.24.0",
        "@lvce-editor/syntax-highlighting-worker": "^1.6.0",
        "@lvce-editor/terminal-worker": "^1.0.0",
        "@lvce-editor/test-worker": "^2.0.0",
        "@lvce-editor/text-search-worker": "^3.0.0"
      }
    },
    "node_modules/@lvce-editor/about-view": {
      "version": "2.0.0",
      "resolved": "https://registry.npmjs.org/@lvce-editor/about-view/-/about-view-2.0.0.tgz",
      "integrity": "sha512-kKg3yDBFZP/UsrTJ9JjZLSFxkdUyTY+Q+UzmJxFZNTnputm799lL+JR03eu0YRZPdwt4zxcDbS6QIg279L70eQ==",
      "license": "MIT"
    },
    "node_modules/@lvce-editor/diff-worker": {
      "version": "1.4.0",
      "resolved": "https://registry.npmjs.org/@lvce-editor/diff-worker/-/diff-worker-1.4.0.tgz",
      "integrity": "sha512-jdngOpX/XDi/13GXt06NWHjKJ2S/VLVcdYFODMWHuT7bvRxgDKFtNIf2huwutzSlB7gE/h3Lr38RWSC9pOZaqA==",
      "license": "MIT"
    },
    "node_modules/@lvce-editor/editor-worker": {
      "version": "5.9.0",
      "resolved": "https://registry.npmjs.org/@lvce-editor/editor-worker/-/editor-worker-5.9.0.tgz",
      "integrity": "sha512-483IW8lIohd1P22XI2J8tQi9yKA/RUWQtbsDdqebjG5zT8nfnGFsBoUHdiniKD6GI4StHX8rorBlHu9tKjSgNw==",
      "license": "MIT"
    },
    "node_modules/@lvce-editor/extension-detail-view": {
      "version": "1.1.0",
      "resolved": "https://registry.npmjs.org/@lvce-editor/extension-detail-view/-/extension-detail-view-1.1.0.tgz",
      "integrity": "sha512-dIAcgXdzdDwRcuErWUpEVEoaXgXIv+64NIN998tSR/70AYNTdkBoe54KMhyLl1fzghnheeD8PoKTP8BDL69AXg==",
      "license": "MIT"
    },
    "node_modules/@lvce-editor/extension-host-worker": {
      "version": "1.12.0",
      "resolved": "https://registry.npmjs.org/@lvce-editor/extension-host-worker/-/extension-host-worker-1.12.0.tgz",
      "integrity": "sha512-PMbIBvakpVq4lAk+xtSF2yGYfQ5HdautiW7M4vk3dFDgyJ7kCAkZhN/rt9oYlPZJgY/E6uw3xT6I0kcI7M9dnQ==",
      "license": "MIT"
    },
    "node_modules/@lvce-editor/extension-search-view": {
      "version": "1.3.0",
      "resolved": "https://registry.npmjs.org/@lvce-editor/extension-search-view/-/extension-search-view-1.3.0.tgz",
      "integrity": "sha512-zgfvdFNAwAH4YI2QHCo5WDvsW/lXbuqxzmXALxKZSJZl7e5XIG6/0b6VNFOcsHpyzGxVpc9VVq2XrP3x7IwmnA==",
      "license": "MIT"
    },
    "node_modules/@lvce-editor/file-search-worker": {
      "version": "2.3.0",
      "resolved": "https://registry.npmjs.org/@lvce-editor/file-search-worker/-/file-search-worker-2.3.0.tgz",
      "integrity": "sha512-dpcAQE5b4QWDRasFsqGA13DVyV83hp+GbWpE++pj1Ycu1kthlN/nPn1wmrXCSjOqMD31Myu4PtHBiK5Mb2QmbQ==",
      "license": "MIT"
    },
    "node_modules/@lvce-editor/iframe-worker": {
      "version": "3.0.0",
      "resolved": "https://registry.npmjs.org/@lvce-editor/iframe-worker/-/iframe-worker-3.0.0.tgz",
      "integrity": "sha512-EQkQSuxrS/bDJxXnsCoWPlJVE9p1c2K49JVb+unR4AmUjcZ7dMh8yFb5Mql1CIRyLy9DkhJsyNrwPj2YlywdDw==",
      "license": "MIT"
    },
    "node_modules/@lvce-editor/keybindings-view": {
      "version": "2.0.0",
      "resolved": "https://registry.npmjs.org/@lvce-editor/keybindings-view/-/keybindings-view-2.0.0.tgz",
      "integrity": "sha512-idI3lE3JRf69eerPK89N+lEJrJ98Ov2NfVWHvGZtnDUXE/ShqYTA/5Yj0QEpERVz5AZ2NCYwu8McAv17sSg8Vw==",
      "license": "MIT"
    },
    "node_modules/@lvce-editor/renderer-process": {
      "version": "10.24.0",
      "resolved": "https://registry.npmjs.org/@lvce-editor/renderer-process/-/renderer-process-10.24.0.tgz",
      "integrity": "sha512-v7hT1nTnsmC1Nm57AMBfpIrfvi1J4CKZ9UoQ7r1fXApwm7IfeysFz5n4kz6jUrbkS5qPP53LhQuGJPOZfjGqJg==",
      "license": "MIT"
    },
    "node_modules/@lvce-editor/syntax-highlighting-worker": {
      "version": "1.6.0",
      "resolved": "https://registry.npmjs.org/@lvce-editor/syntax-highlighting-worker/-/syntax-highlighting-worker-1.6.0.tgz",
      "integrity": "sha512-owixAgiL6I/ldzDrYaKW+tfyuimkLNSlSL77HdIKvT30Y/0y9wEq7dwH7sGEpwAe+Oozgqfq2KD++j/R2wDPjQ==",
      "license": "MIT"
    },
    "node_modules/@lvce-editor/terminal-worker": {
      "version": "1.0.0",
      "resolved": "https://registry.npmjs.org/@lvce-editor/terminal-worker/-/terminal-worker-1.0.0.tgz",
      "integrity": "sha512-bAu13p1lO8AU7HtRrn2fQbuTknF91YBLRPfApNbav3IcT4Ci6VHiBgE30ClNkbITSSPo79ZGsugqFglWZ7FsGQ==",
      "license": "MIT"
    },
    "node_modules/@lvce-editor/test-worker": {
      "version": "2.0.0",
      "resolved": "https://registry.npmjs.org/@lvce-editor/test-worker/-/test-worker-2.0.0.tgz",
      "integrity": "sha512-8xDdz7uZRAsk0fBVqSSroNorWv0tY/vog1rmwVPlYrNBrE7wBNJul1jYsB1ad1DXHXQPhVL7nYhH9HvYPfGtzQ==",
      "license": "MIT"
    },
    "node_modules/@lvce-editor/text-search-worker": {
      "version": "3.0.0",
      "resolved": "https://registry.npmjs.org/@lvce-editor/text-search-worker/-/text-search-worker-3.0.0.tgz",
      "integrity": "sha512-VHwAJgBYQC8Nj6UkA6RFFRDMicWAYfAdPnnR2h4+G9d0Q0ccfShEInjpfzYtzbGxJXBxF8pFnAqlYm9+gU6ScQ==",
      "license": "MIT"
    }
  }
}
