{
  "name": "@lvce-editor/e2e",
  "version": "0.0.0-dev",
  "lockfileVersion": 2,
  "requires": true,
  "packages": {
    "": {
      "name": "@lvce-editor/e2e",
      "version": "0.0.0-dev",
      "license": "MIT",
      "dependencies": {
        "@playwright/test": "^1.23.0",
        "get-port": "^6.1.2"
      }
    },
    "node_modules/@playwright/test": {
      "version": "1.23.1",
      "resolved": "https://registry.npmjs.org/@playwright/test/-/test-1.23.1.tgz",
      "integrity": "sha512-dKplLPSYPZgnsBk1xxOophhpx3ZVg8DveoNJgLPe096lDCfmaIIreLsYF+4hqzy3PG61IP+aEnG5VAOjC3bhbA==",
      "dependencies": {
        "@types/node": "*",
        "playwright-core": "1.23.1"
      },
      "bin": {
        "playwright": "cli.js"
      },
      "engines": {
        "node": ">=14"
      }
    },
    "node_modules/@types/node": {
      "version": "18.0.0",
      "resolved": "https://registry.npmjs.org/@types/node/-/node-18.0.0.tgz",
      "integrity": "sha512-cHlGmko4gWLVI27cGJntjs/Sj8th9aYwplmZFwmmgYQQvL5NUsgVJG7OddLvNfLqYS31KFN0s3qlaD9qCaxACA=="
    },
    "node_modules/get-port": {
      "version": "6.1.2",
      "resolved": "https://registry.npmjs.org/get-port/-/get-port-6.1.2.tgz",
      "integrity": "sha512-BrGGraKm2uPqurfGVj/z97/zv8dPleC6x9JBNRTrDNtCkkRF4rPwrQXFgL7+I+q8QSdU4ntLQX2D7KIxSy8nGw==",
      "engines": {
        "node": "^12.20.0 || ^14.13.1 || >=16.0.0"
      },
      "funding": {
        "url": "https://github.com/sponsors/sindresorhus"
      }
    },
    "node_modules/playwright-core": {
      "version": "1.23.1",
      "resolved": "https://registry.npmjs.org/playwright-core/-/playwright-core-1.23.1.tgz",
      "integrity": "sha512-9CXsE0gawph4KXl6oUaa0ehHRySZjHvly4TybcBXDvzK3N3o6L/eZ8Q6iVWUiMn0LLS5bRFxo1qEtOETlYJxjw==",
      "bin": {
        "playwright": "cli.js"
      },
      "engines": {
        "node": ">=14"
      }
    }
  },
  "dependencies": {
    "@playwright/test": {
      "version": "1.23.1",
      "resolved": "https://registry.npmjs.org/@playwright/test/-/test-1.23.1.tgz",
      "integrity": "sha512-dKplLPSYPZgnsBk1xxOophhpx3ZVg8DveoNJgLPe096lDCfmaIIreLsYF+4hqzy3PG61IP+aEnG5VAOjC3bhbA==",
      "requires": {
        "@types/node": "*",
        "playwright-core": "1.23.1"
      }
    },
    "@types/node": {
      "version": "18.0.0",
      "resolved": "https://registry.npmjs.org/@types/node/-/node-18.0.0.tgz",
      "integrity": "sha512-cHlGmko4gWLVI27cGJntjs/Sj8th9aYwplmZFwmmgYQQvL5NUsgVJG7OddLvNfLqYS31KFN0s3qlaD9qCaxACA=="
    },
    "get-port": {
      "version": "6.1.2",
      "resolved": "https://registry.npmjs.org/get-port/-/get-port-6.1.2.tgz",
      "integrity": "sha512-BrGGraKm2uPqurfGVj/z97/zv8dPleC6x9JBNRTrDNtCkkRF4rPwrQXFgL7+I+q8QSdU4ntLQX2D7KIxSy8nGw=="
    },
    "playwright-core": {
      "version": "1.23.1",
      "resolved": "https://registry.npmjs.org/playwright-core/-/playwright-core-1.23.1.tgz",
      "integrity": "sha512-9CXsE0gawph4KXl6oUaa0ehHRySZjHvly4TybcBXDvzK3N3o6L/eZ8Q6iVWUiMn0LLS5bRFxo1qEtOETlYJxjw=="
    }
  }
}
