{
  "name": "@lvce-editor/embeds-process",
  "version": "0.0.0-dev",
  "lockfileVersion": 3,
  "requires": true,
  "packages": {
    "": {
      "name": "@lvce-editor/embeds-process",
      "version": "0.0.0-dev",
      "license": "MIT",
      "dependencies": {
        "@lvce-editor/ipc": "^8.2.1",
        "@lvce-editor/json-rpc": "^1.3.0"
      }
    },
    "node_modules/@lvce-editor/assert": {
      "version": "1.2.0",
      "resolved": "https://registry.npmjs.org/@lvce-editor/assert/-/assert-1.2.0.tgz",
      "integrity": "sha512-39suvZMzP6uxW/KG0ASdCyGbx7Z6dJdzDYJLtCXUC7PshJ1405YGlJ+ldD48u+/IH3y13z5sWRntidj7frYHGQ=="
    },
    "node_modules/@lvce-editor/ipc": {
      "version": "8.2.1",
      "resolved": "https://registry.npmjs.org/@lvce-editor/ipc/-/ipc-8.2.1.tgz",
      "integrity": "sha512-0SLiikbcGLHuq0iTdNmmaty07P3oF9I940sPmI5SEqVo/y9HTW8rhoTVLkC4xfCsNHgulsliC/O8NfT8bBJ68Q==",
      "dependencies": {
        "@lvce-editor/assert": "^1.2.0",
        "@lvce-editor/verror": "^1.2.0",
        "@lvce-editor/web-socket-server": "^1.2.0"
      },
      "engines": {
        "node": ">=18"
      }
    },
    "node_modules/@lvce-editor/json-rpc": {
      "version": "1.3.0",
      "resolved": "https://registry.npmjs.org/@lvce-editor/json-rpc/-/json-rpc-1.3.0.tgz",
      "integrity": "sha512-jCMvIHsN5mOacKBTXGGQOIJJxPaHsNaR2UGWuP+bEsaYi6Cf7qc/TZ7tSti6mY/BAEFhTQLJ/bW8KxXYNKhyqA==",
      "dependencies": {
        "@lvce-editor/assert": "^1.2.0"
      }
    },
    "node_modules/@lvce-editor/verror": {
      "version": "1.2.0",
      "resolved": "https://registry.npmjs.org/@lvce-editor/verror/-/verror-1.2.0.tgz",
      "integrity": "sha512-AixoigQwFPydQ4EaazER3gwLNoRFWzpLbWR90h7pM/gAEyF+X7SVDMDKxUYwSKtxkq4OtgIYSU9PorK9risozQ=="
    },
    "node_modules/@lvce-editor/web-socket-server": {
      "version": "1.2.0",
      "resolved": "https://registry.npmjs.org/@lvce-editor/web-socket-server/-/web-socket-server-1.2.0.tgz",
      "integrity": "sha512-GpyRsWdz+6DsyT1f7X8+mPfHW0FbR6tm3l1RKyYxk5xyMFKKFhoaV/t1OGTP0mVo37BIbdM9E8QJ2BPMXSvGZw==",
      "dependencies": {
        "ws": "^8.17.0"
      }
    },
    "node_modules/ws": {
      "version": "8.17.0",
      "resolved": "https://registry.npmjs.org/ws/-/ws-8.17.0.tgz",
      "integrity": "sha512-uJq6108EgZMAl20KagGkzCKfMEjxmKvZHG7Tlq0Z6nOky7YF7aq4mOx6xK8TJ/i1LeK4Qus7INktacctDgY8Ow==",
      "engines": {
        "node": ">=10.0.0"
      },
      "peerDependencies": {
        "bufferutil": "^4.0.1",
        "utf-8-validate": ">=5.0.2"
      },
      "peerDependenciesMeta": {
        "bufferutil": {
          "optional": true
        },
        "utf-8-validate": {
          "optional": true
        }
      }
    }
  }
}
