{
  "name": "@lvce-editor/static-server",
  "version": "0.0.0-dev",
  "lockfileVersion": 3,
  "requires": true,
  "packages": {
    "": {
      "name": "@lvce-editor/static-server",
      "version": "0.0.0-dev",
      "license": "MIT",
      "dependencies": {
        "@lvce-editor/assert": "^1.3.0"
      },
      "engines": {
        "node": ">=18"
      }
    },
    "node_modules/@lvce-editor/assert": {
      "version": "1.3.0",
      "resolved": "https://registry.npmjs.org/@lvce-editor/assert/-/assert-1.3.0.tgz",
      "integrity": "sha512-hrwqjOPi3vLuFJk5IqGl/M9H5QDZjTAiQsyFO15S07D2f42zZAdAwUrgLU2CAEPXgL6ZIJ6j7nT+nWOK5y4++w==",
      "license": "MIT"
    }
  }
}
