{
  "name": "@lvce-editor/static-server",
  "version": "0.0.0-dev",
  "lockfileVersion": 3,
  "requires": true,
  "packages": {
    "": {
      "name": "@lvce-editor/static-server",
      "version": "0.0.0-dev",
      "license": "MIT",
      "dependencies": {
        "@lvce-editor/assert": "^1.4.0",
        "@lvce-editor/rpc": "^4.11.0",
        "@lvce-editor/rpc-registry": "^2.55.0",
        "@lvce-editor/verror": "^1.7.0"
      },
      "engines": {
        "node": ">=18"
      }
    },
    "node_modules/@lvce-editor/assert": {
      "version": "1.4.0",
      "resolved": "https://registry.npmjs.org/@lvce-editor/assert/-/assert-1.4.0.tgz",
      "integrity": "sha512-YbsNvT6V1+VM+PJRiQC5VEqAdAeiSMh5flQuioVdTjBHinu+Rbb2qP3uaxiJFjA2KN3k9UUYyvQrEAWYnUtarw==",
      "license": "MIT"
    },
    "node_modules/@lvce-editor/command": {
      "version": "1.2.0",
      "resolved": "https://registry.npmjs.org/@lvce-editor/command/-/command-1.2.0.tgz",
      "integrity": "sha512-L9RCl+cOXyIlugI6od3uDqr4cGo0nVOfbgCTzYmR2WKKZE+iETf1A939b1Mv0WwiEiv42bSw7DJGHelaN6STKA==",
      "license": "MIT"
    },
    "node_modules/@lvce-editor/ipc": {
      "version": "14.3.0",
      "resolved": "https://registry.npmjs.org/@lvce-editor/ipc/-/ipc-14.3.0.tgz",
      "integrity": "sha512-8FIHmMCWMi/VrrulhbRBHJxVIN5bVtZCWkFU0tp8tA+8xH6F/a7uODgzbFJqy1zMoxGSFMyQCy5jLrz7SjrUrA==",
      "license": "MIT",
      "dependencies": {
        "@lvce-editor/assert": "^1.3.0",
        "@lvce-editor/verror": "^1.7.0",
        "@lvce-editor/web-socket-server": "^2.1.0"
      },
      "engines": {
        "node": ">=22"
      }
    },
    "node_modules/@lvce-editor/json-rpc": {
      "version": "6.2.0",
      "resolved": "https://registry.npmjs.org/@lvce-editor/json-rpc/-/json-rpc-6.2.0.tgz",
      "integrity": "sha512-8/iHluiEgfxHfQLzB0mj+cu6iMqIEZ/iCAPu12auzIPNII1FHE9VOINnV7m1odhDF32LHunOLGKcvjzQvQUaEA==",
      "license": "MIT"
    },
    "node_modules/@lvce-editor/rpc": {
      "version": "4.11.0",
      "resolved": "https://registry.npmjs.org/@lvce-editor/rpc/-/rpc-4.11.0.tgz",
      "integrity": "sha512-wKZyTm1Rea17JwwxzzHVrn/KIbrivVACIQEFcqQ2Ga6YO5cvk8nmx9K7KjRLT5UCIt3BfymnNs2uTjdcBpGU4Q==",
      "license": "MIT",
      "dependencies": {
        "@lvce-editor/command": "^1.2.0",
        "@lvce-editor/ipc": "^14.3.0",
        "@lvce-editor/json-rpc": "^6.2.0"
      }
    },
    "node_modules/@lvce-editor/rpc-registry": {
      "version": "2.55.0",
      "resolved": "https://registry.npmjs.org/@lvce-editor/rpc-registry/-/rpc-registry-2.55.0.tgz",
      "integrity": "sha512-kM09uoS+DPAB3p3kIXdNnpy/9Wiqzi7O4iwManZlzeRwoXjPl+IvAGAVSedSKdCjKK4A6/ABKj+oLVDxweCB8g==",
      "license": "MIT",
      "dependencies": {
        "@lvce-editor/rpc": "^4.1.0"
      }
    },
    "node_modules/@lvce-editor/verror": {
      "version": "1.7.0",
      "resolved": "https://registry.npmjs.org/@lvce-editor/verror/-/verror-1.7.0.tgz",
      "integrity": "sha512-+LGuAEIC2L7pbvkyAQVWM2Go0dAy+UWEui28g07zNtZsCBhm+gusBK8PNwLJLV5Jay+TyUYuwLIbJdjLLzqEBg==",
      "license": "MIT"
    },
    "node_modules/@lvce-editor/web-socket-server": {
      "version": "2.1.0",
      "resolved": "https://registry.npmjs.org/@lvce-editor/web-socket-server/-/web-socket-server-2.1.0.tgz",
      "integrity": "sha512-Yldf6nJ4seaFaysYTkkLkOhuJQxkdyX/u01vk1X0dXi21882wMtQbDmYZoAg9rVGWbdBFDIdAJ99pFCAM8eUQA==",
      "license": "MIT",
      "dependencies": {
        "ws": "^8.18.2"
      },
      "engines": {
        "node": ">=22"
      }
    },
    "node_modules/ws": {
      "version": "8.18.3",
      "resolved": "https://registry.npmjs.org/ws/-/ws-8.18.3.tgz",
      "integrity": "sha512-PEIGCY5tSlUt50cqyMXfCzX+oOPqN0vuGqWzbcJ2xvnkzkq46oOpz7dQaTDBdfICb4N14+GARUDw2XV2N4tvzg==",
      "license": "MIT",
      "engines": {
        "node": ">=10.0.0"
      },
      "peerDependencies": {
        "bufferutil": "^4.0.1",
        "utf-8-validate": ">=5.0.2"
      },
      "peerDependenciesMeta": {
        "bufferutil": {
          "optional": true
        },
        "utf-8-validate": {
          "optional": true
        }
      }
    }
  }
}
