{
  "name": "@lvce-editor/static-server",
  "version": "0.0.0-dev",
  "lockfileVersion": 3,
  "requires": true,
  "packages": {
    "": {
      "name": "@lvce-editor/static-server",
      "version": "0.0.0-dev",
      "license": "MIT",
      "dependencies": {
        "@lvce-editor/assert": "^1.5.1",
        "@lvce-editor/rpc": "^4.20.0",
        "@lvce-editor/rpc-registry": "^5.11.0",
        "@lvce-editor/verror": "^1.7.0"
      },
      "engines": {
        "node": ">=22"
      }
    },
    "node_modules/@lvce-editor/assert": {
      "version": "1.5.1",
      "resolved": "https://registry.npmjs.org/@lvce-editor/assert/-/assert-1.5.1.tgz",
      "integrity": "sha512-euS3PuVVjZy06bPFbgTz1yjQ0mY5BgWeYEDb9eQL2ncqYeap0ADy1D57nddlps1VkhHxj1g2ifXkLeIKLkQYJg==",
      "license": "MIT"
    },
    "node_modules/@lvce-editor/command": {
      "version": "2.0.0",
      "resolved": "https://registry.npmjs.org/@lvce-editor/command/-/command-2.0.0.tgz",
      "integrity": "sha512-NZokXOACzuRoIpsHVHx+VhNQwM/QcQ4bl3wc8DgDM/+AxAVT2EU8S9cVQQedtJj94N35zmAB2To6Egm8aifOlw==",
      "license": "MIT"
    },
    "node_modules/@lvce-editor/constants": {
      "version": "2.0.0",
      "resolved": "https://registry.npmjs.org/@lvce-editor/constants/-/constants-2.0.0.tgz",
      "integrity": "sha512-g2PzMvFX7+w3kIkLRQgeuwcUGB3iaoP+/prYvlBOq6VTAQ7KHwyacylAmFI7YoAvsyIl7QuhXDmQZVW/DSl7zg==",
      "license": "MIT"
    },
    "node_modules/@lvce-editor/ipc": {
      "version": "14.6.0",
      "resolved": "https://registry.npmjs.org/@lvce-editor/ipc/-/ipc-14.6.0.tgz",
      "integrity": "sha512-jFB6J+zm0i7lOv4ZqWP3zQtnBQPkMrud93weJDCCw81wtc2b6yMt1FLm5xCeT5W7hH6xh4kF5t277fJbM9waiw==",
      "license": "MIT",
      "dependencies": {
        "@lvce-editor/assert": "^1.4.0",
        "@lvce-editor/verror": "^1.7.0",
        "@lvce-editor/web-socket-server": "^2.1.0"
      },
      "engines": {
        "node": ">=22"
      }
    },
    "node_modules/@lvce-editor/json-rpc": {
      "version": "7.0.0",
      "resolved": "https://registry.npmjs.org/@lvce-editor/json-rpc/-/json-rpc-7.0.0.tgz",
      "integrity": "sha512-vlWYpPZ7NG4Du+ebQT5mtOM74GwV2OLbnQl1NJ5CaJHJKCs628Ns6vytCnKUEscEhD03tTkfu5igd8ahaUz83Q==",
      "license": "MIT"
    },
    "node_modules/@lvce-editor/rpc": {
      "version": "4.20.0",
      "resolved": "https://registry.npmjs.org/@lvce-editor/rpc/-/rpc-4.20.0.tgz",
      "integrity": "sha512-SvIKyLLkVn4QzGAHMpQ9b5n6DB0S5kFEMaMqlYDpppanvctaLX9IyOhhAtRj1clOU2aqsbby9FaDf3/gmwR+YA==",
      "license": "MIT",
      "dependencies": {
        "@lvce-editor/command": "^2.0.0",
        "@lvce-editor/ipc": "^14.5.0",
        "@lvce-editor/json-rpc": "^7.0.0"
      }
    },
    "node_modules/@lvce-editor/rpc-registry": {
      "version": "5.11.0",
      "resolved": "https://registry.npmjs.org/@lvce-editor/rpc-registry/-/rpc-registry-5.11.0.tgz",
      "integrity": "sha512-BcY91yX+64955uL9lufbASlbZPpPbTHtoIGxUFWMX/LlaIume5EgPOw1clOv8/UVKCBX4e3ImjTgmELzRMYNOA==",
      "license": "MIT",
      "dependencies": {
        "@lvce-editor/assert": "^1.5.1",
        "@lvce-editor/constants": "^2.0.0",
        "@lvce-editor/rpc": "^4.20.0"
      }
    },
    "node_modules/@lvce-editor/verror": {
      "version": "1.7.0",
      "resolved": "https://registry.npmjs.org/@lvce-editor/verror/-/verror-1.7.0.tgz",
      "integrity": "sha512-+LGuAEIC2L7pbvkyAQVWM2Go0dAy+UWEui28g07zNtZsCBhm+gusBK8PNwLJLV5Jay+TyUYuwLIbJdjLLzqEBg==",
      "license": "MIT"
    },
    "node_modules/@lvce-editor/web-socket-server": {
      "version": "2.1.0",
      "resolved": "https://registry.npmjs.org/@lvce-editor/web-socket-server/-/web-socket-server-2.1.0.tgz",
      "integrity": "sha512-Yldf6nJ4seaFaysYTkkLkOhuJQxkdyX/u01vk1X0dXi21882wMtQbDmYZoAg9rVGWbdBFDIdAJ99pFCAM8eUQA==",
      "license": "MIT",
      "dependencies": {
        "ws": "^8.18.2"
      },
      "engines": {
        "node": ">=22"
      }
    },
    "node_modules/ws": {
      "version": "8.18.3",
      "resolved": "https://registry.npmjs.org/ws/-/ws-8.18.3.tgz",
      "integrity": "sha512-PEIGCY5tSlUt50cqyMXfCzX+oOPqN0vuGqWzbcJ2xvnkzkq46oOpz7dQaTDBdfICb4N14+GARUDw2XV2N4tvzg==",
      "license": "MIT",
      "engines": {
        "node": ">=10.0.0"
      },
      "peerDependencies": {
        "bufferutil": "^4.0.1",
        "utf-8-validate": ">=5.0.2"
      },
      "peerDependenciesMeta": {
        "bufferutil": {
          "optional": true
        },
        "utf-8-validate": {
          "optional": true
        }
      }
    }
  }
}
