{
  "name": "extension-host-worker-tests",
  "version": "0.0.0-dev",
  "lockfileVersion": 3,
  "requires": true,
  "packages": {
    "": {
      "name": "extension-host-worker-tests",
      "version": "0.0.0-dev",
      "license": "MIT",
      "devDependencies": {
        "@playwright/test": "^1.39.0"
      }
    },
    "node_modules/@playwright/test": {
      "version": "1.39.0",
      "dev": true,
      "license": "Apache-2.0",
      "dependencies": {
        "playwright": "1.39.0"
      },
      "bin": {
        "playwright": "cli.js"
      },
      "engines": {
        "node": ">=16"
      }
    },
    "node_modules/playwright": {
      "version": "1.39.0",
      "dev": true,
      "license": "Apache-2.0",
      "dependencies": {
        "playwright-core": "1.39.0"
      },
      "bin": {
        "playwright": "cli.js"
      },
      "engines": {
        "node": ">=16"
      },
      "optionalDependencies": {
        "fsevents": "2.3.2"
      }
    },
    "node_modules/playwright-core": {
      "version": "1.39.0",
      "dev": true,
      "license": "Apache-2.0",
      "bin": {
        "playwright-core": "cli.js"
      },
      "engines": {
        "node": ">=16"
      }
    }
  }
}
