{
  "name": "extension-host-worker-tests",
  "version": "0.0.0-dev",
  "lockfileVersion": 2,
  "requires": true,
  "packages": {
    "": {
      "name": "extension-host-worker-tests",
      "version": "0.0.0-dev",
      "license": "MIT",
      "devDependencies": {
        "@playwright/test": "^1.24.0-alpha-jul-10-2022",
        "@types/node": "^18.0.3"
      }
    },
    "node_modules/@playwright/test": {
      "version": "1.24.0-alpha-jul-10-2022",
      "resolved": "https://registry.npmjs.org/@playwright/test/-/test-1.24.0-alpha-jul-10-2022.tgz",
      "integrity": "sha512-VbhKHEU4d7qYznK9x3/2SvWoOo4tdli1DPN1Utkgi19dC09tArDSRW/fE2TBioPV53BK3jHB9paTENkKArvR8g==",
      "dev": true,
      "dependencies": {
        "@types/node": "*",
        "playwright-core": "1.24.0-alpha-jul-10-2022"
      },
      "bin": {
        "playwright": "cli.js"
      },
      "engines": {
        "node": ">=14"
      }
    },
    "node_modules/@types/node": {
      "version": "18.0.3",
      "resolved": "https://registry.npmjs.org/@types/node/-/node-18.0.3.tgz",
      "integrity": "sha512-HzNRZtp4eepNitP+BD6k2L6DROIDG4Q0fm4x+dwfsr6LGmROENnok75VGw40628xf+iR24WeMFcHuuBDUAzzsQ==",
      "dev": true
    },
    "node_modules/playwright-core": {
      "version": "1.24.0-alpha-jul-10-2022",
      "resolved": "https://registry.npmjs.org/playwright-core/-/playwright-core-1.24.0-alpha-jul-10-2022.tgz",
      "integrity": "sha512-pXNJ/0tz8Klg6l9sQ+Qp7UOpREEn0fQ0F/zxQi8xzZc5YIDUghxaQyYDuo1Ruc3q6pSRgVHhz1ojAdUH0OVq0A==",
      "dev": true,
      "bin": {
        "playwright": "cli.js"
      },
      "engines": {
        "node": ">=14"
      }
    }
  },
  "dependencies": {
    "@playwright/test": {
      "version": "1.24.0-alpha-jul-10-2022",
      "resolved": "https://registry.npmjs.org/@playwright/test/-/test-1.24.0-alpha-jul-10-2022.tgz",
      "integrity": "sha512-VbhKHEU4d7qYznK9x3/2SvWoOo4tdli1DPN1Utkgi19dC09tArDSRW/fE2TBioPV53BK3jHB9paTENkKArvR8g==",
      "dev": true,
      "requires": {
        "@types/node": "*",
        "playwright-core": "1.24.0-alpha-jul-10-2022"
      }
    },
    "@types/node": {
      "version": "18.0.3",
      "resolved": "https://registry.npmjs.org/@types/node/-/node-18.0.3.tgz",
      "integrity": "sha512-HzNRZtp4eepNitP+BD6k2L6DROIDG4Q0fm4x+dwfsr6LGmROENnok75VGw40628xf+iR24WeMFcHuuBDUAzzsQ==",
      "dev": true
    },
    "playwright-core": {
      "version": "1.24.0-alpha-jul-10-2022",
      "resolved": "https://registry.npmjs.org/playwright-core/-/playwright-core-1.24.0-alpha-jul-10-2022.tgz",
      "integrity": "sha512-pXNJ/0tz8Klg6l9sQ+Qp7UOpREEn0fQ0F/zxQi8xzZc5YIDUghxaQyYDuo1Ruc3q6pSRgVHhz1ojAdUH0OVq0A==",
      "dev": true
    }
  }
}
