{
  "name": "@lvce-editor/server",
  "version": "0.0.0-dev",
  "lockfileVersion": 2,
  "requires": true,
  "packages": {
    "": {
      "name": "@lvce-editor/server",
      "version": "0.0.0-dev",
      "license": "MIT",
      "bin": {
        "server": "server.js"
      },
      "devDependencies": {}
    }
  }
}
