{
  "name": "@lvce-editor/server",
  "version": "0.0.0-dev",
  "lockfileVersion": 3,
  "requires": true,
  "packages": {
    "": {
      "name": "@lvce-editor/server",
      "version": "0.0.0-dev",
      "license": "MIT",
      "dependencies": {
        "@lvce-editor/jsonc-parser": "^1.5.2"
      },
      "bin": {
        "server": "bin/server.js"
      },
      "engines": {
        "node": ">=24"
      }
    },
    "node_modules/@lvce-editor/jsonc-parser": {
      "version": "1.5.2",
      "resolved": "https://registry.npmjs.org/@lvce-editor/jsonc-parser/-/jsonc-parser-1.5.2.tgz",
      "integrity": "sha512-pMZB2NLWhgozRZj4b2605yq8zGJNEWuN6u8KpNpxNFZP1S8Otc21oxBcJZuoY4+8ENH3IHwVnX7IwYR12H6ZSw==",
      "license": "MIT"
    }
  }
}
