{
  "name": "@lvce-editor/server",
  "version": "0.0.0-dev",
  "lockfileVersion": 3,
  "requires": true,
  "packages": {
    "": {
      "name": "@lvce-editor/server",
      "version": "0.0.0-dev",
      "license": "MIT",
      "dependencies": {
        "@lvce-editor/jsonc-parser": "^1.5.0"
      },
      "bin": {
        "server": "bin/server.js"
      },
      "engines": {
        "node": ">=24"
      }
    },
    "node_modules/@lvce-editor/jsonc-parser": {
      "version": "1.5.0",
      "resolved": "https://registry.npmjs.org/@lvce-editor/jsonc-parser/-/jsonc-parser-1.5.0.tgz",
      "integrity": "sha512-JIZ4ARYlkSa2snKgbgHR/twnLqf3kg0AvL34MS4DB/xmnjlurt5nOByRyoRifiOw/Vjttj7fXgiPxPaj6Ywh5w==",
      "license": "MIT"
    }
  }
}
