{
  "name": "@lvce-editor/test-worker",
  "version": "0.0.0-dev",
  "lockfileVersion": 3,
  "requires": true,
  "packages": {
    "": {
      "name": "@lvce-editor/test-worker",
      "version": "0.0.0-dev",
      "license": "MIT",
      "devDependencies": {
        "@lvce-editor/test-worker": "^1.0.0"
      }
    },
    "node_modules/@lvce-editor/assert": {
      "version": "1.2.0",
      "resolved": "https://registry.npmjs.org/@lvce-editor/assert/-/assert-1.2.0.tgz",
      "integrity": "sha512-39suvZMzP6uxW/KG0ASdCyGbx7Z6dJdzDYJLtCXUC7PshJ1405YGlJ+ldD48u+/IH3y13z5sWRntidj7frYHGQ==",
      "dev": true,
      "license": "MIT"
    },
    "node_modules/@lvce-editor/test-worker": {
      "version": "1.0.0",
      "resolved": "https://registry.npmjs.org/@lvce-editor/test-worker/-/test-worker-1.0.0.tgz",
      "integrity": "sha512-7UcV9L34P4Y4xlG5Vy8ZGPyD4TixwcLWBP58m9Y7RUSTkA/Ko/wF/iq2N3cBD/OW8m/+ii4CtMf84OcwLbdQkA==",
      "dev": true,
      "license": "MIT",
      "dependencies": {
        "@lvce-editor/assert": "^1.2.0"
      }
    }
  }
}
