{
  "name": "@lvce-editor/process-explorer",
  "version": "0.0.0-dev",
  "lockfileVersion": 3,
  "requires": true,
  "packages": {
    "": {
      "name": "@lvce-editor/process-explorer",
      "version": "0.0.0-dev",
      "license": "MIT",
      "dependencies": {
        "@lvce-editor/assert": "^1.2.0",
        "@lvce-editor/ipc": "^7.2.0",
        "@lvce-editor/json-rpc": "^1.3.0",
        "@lvce-editor/verror": "^1.2.0"
      },
      "engines": {
        "node": ">=18"
      },
      "optionalDependencies": {
        "@vscode/windows-process-tree": "^0.6.0"
      }
    },
    "node_modules/@lvce-editor/assert": {
      "version": "1.2.0",
      "resolved": "https://registry.npmjs.org/@lvce-editor/assert/-/assert-1.2.0.tgz",
      "integrity": "sha512-39suvZMzP6uxW/KG0ASdCyGbx7Z6dJdzDYJLtCXUC7PshJ1405YGlJ+ldD48u+/IH3y13z5sWRntidj7frYHGQ=="
    },
    "node_modules/@lvce-editor/ipc": {
      "version": "7.2.0",
      "resolved": "https://registry.npmjs.org/@lvce-editor/ipc/-/ipc-7.2.0.tgz",
      "integrity": "sha512-TY0rG9JLv96YMDAtTQtKn/woj2pE0efSW4EvoSRwmBiT/oH8Sl+eNPPHT5SS46Z2ZNmza75EjCNNgCOTSgZ/sA==",
      "dependencies": {
        "@lvce-editor/assert": "^1.2.0",
        "@lvce-editor/verror": "^1.2.0",
        "@lvce-editor/web-socket-server": "^1.1.0"
      },
      "engines": {
        "node": ">=18"
      }
    },
    "node_modules/@lvce-editor/json-rpc": {
      "version": "1.3.0",
      "resolved": "https://registry.npmjs.org/@lvce-editor/json-rpc/-/json-rpc-1.3.0.tgz",
      "integrity": "sha512-jCMvIHsN5mOacKBTXGGQOIJJxPaHsNaR2UGWuP+bEsaYi6Cf7qc/TZ7tSti6mY/BAEFhTQLJ/bW8KxXYNKhyqA==",
      "dependencies": {
        "@lvce-editor/assert": "^1.2.0"
      }
    },
    "node_modules/@lvce-editor/verror": {
      "version": "1.2.0",
      "resolved": "https://registry.npmjs.org/@lvce-editor/verror/-/verror-1.2.0.tgz",
      "integrity": "sha512-AixoigQwFPydQ4EaazER3gwLNoRFWzpLbWR90h7pM/gAEyF+X7SVDMDKxUYwSKtxkq4OtgIYSU9PorK9risozQ=="
    },
    "node_modules/@lvce-editor/web-socket-server": {
      "version": "1.1.0",
      "resolved": "https://registry.npmjs.org/@lvce-editor/web-socket-server/-/web-socket-server-1.1.0.tgz",
      "integrity": "sha512-w440bTvMKep9KQ7g8LIsC+EVw9eDuCT5cqvC8PXuBttklQZJ5NjLuPSy+hP/BG1oDZdKtC4mWiVsTO79/SBwMQ==",
      "dependencies": {
        "ws": "^8.16.0"
      }
    },
    "node_modules/@vscode/windows-process-tree": {
      "version": "0.6.0",
      "resolved": "https://registry.npmjs.org/@vscode/windows-process-tree/-/windows-process-tree-0.6.0.tgz",
      "integrity": "sha512-7/DjBKKUtlmKNiAet2GRbdvfjgMKmfBeWVClIgONv8aqxGnaKca5N85eIDxh6rLMy2hKvFqIIsqgxs1Q26TWwg==",
      "hasInstallScript": true,
      "optional": true,
      "dependencies": {
        "node-addon-api": "7.1.0"
      }
    },
    "node_modules/node-addon-api": {
      "version": "7.1.0",
      "resolved": "https://registry.npmjs.org/node-addon-api/-/node-addon-api-7.1.0.tgz",
      "integrity": "sha512-mNcltoe1R8o7STTegSOHdnJNN7s5EUvhoS7ShnTHDyOSd+8H+UdWODq6qSv67PjC8Zc5JRT8+oLAMCr0SIXw7g==",
      "optional": true,
      "engines": {
        "node": "^16 || ^18 || >= 20"
      }
    },
    "node_modules/ws": {
      "version": "8.16.0",
      "resolved": "https://registry.npmjs.org/ws/-/ws-8.16.0.tgz",
      "integrity": "sha512-HS0c//TP7Ina87TfiPUz1rQzMhHrl/SG2guqRcTOIUYD2q8uhUdNHZYJUaQ8aTGPzCh+c6oawMKW35nFl1dxyQ==",
      "engines": {
        "node": ">=10.0.0"
      },
      "peerDependencies": {
        "bufferutil": "^4.0.1",
        "utf-8-validate": ">=5.0.2"
      },
      "peerDependenciesMeta": {
        "bufferutil": {
          "optional": true
        },
        "utf-8-validate": {
          "optional": true
        }
      }
    }
  }
}
